// !$*UTF8*$!
{
	archiveVersion = 1;
	classes = {
	};
	objectVersion = 56;
	objects = {

/* Begin PBXBuildFile section */
		0B0035402B43D64D00DA140C /* HMHNavigationBar.swift in Sources */ = {isa = PBXBuildFile; fileRef = 0B00353F2B43D64D00DA140C /* HMHNavigationBar.swift */; };
		0B2C2D3B2B443BE90023CCFA /* Image.swift in Sources */ = {isa = PBXBuildFile; fileRef = 0B2C2D3A2B443BE90023CCFA /* Image.swift */; };
		0B2C2D412B4572240023CCFA /* HMHSelectButton.swift in Sources */ = {isa = PBXBuildFile; fileRef = 0B2C2D402B4572240023CCFA /* HMHSelectButton.swift */; };
		0B50F9CB2B369813000C5046 /* AppDelegate.swift in Sources */ = {isa = PBXBuildFile; fileRef = 0B50F9CA2B369813000C5046 /* AppDelegate.swift */; };
		0B50F9CD2B369813000C5046 /* SceneDelegate.swift in Sources */ = {isa = PBXBuildFile; fileRef = 0B50F9CC2B369813000C5046 /* SceneDelegate.swift */; };
		0B50F9CF2B369813000C5046 /* HomeViewController.swift in Sources */ = {isa = PBXBuildFile; fileRef = 0B50F9CE2B369813000C5046 /* HomeViewController.swift */; };
		0B50F9D42B369815000C5046 /* Assets.xcassets in Resources */ = {isa = PBXBuildFile; fileRef = 0B50F9D32B369815000C5046 /* Assets.xcassets */; };
		0B50F9D72B369815000C5046 /* LaunchScreen.storyboard in Resources */ = {isa = PBXBuildFile; fileRef = 0B50F9D52B369815000C5046 /* LaunchScreen.storyboard */; };
		0B78174E2B4BD96D0078E925 /* OnboardingBaseViewControllers.swift in Sources */ = {isa = PBXBuildFile; fileRef = 0B78174D2B4BD96D0078E925 /* OnboardingBaseViewControllers.swift */; };
		0B7817502B4BD9F10078E925 /* OnboardingButton.swift in Sources */ = {isa = PBXBuildFile; fileRef = 0B78174F2B4BD9F10078E925 /* OnboardingButton.swift */; };
		0B7817522B4BE0280078E925 /* ProgressBarManager.swift in Sources */ = {isa = PBXBuildFile; fileRef = 0B7817512B4BE0280078E925 /* ProgressBarManager.swift */; };
		0B8A89AD2B369E3B00688BA6 /* HomeCell.swift in Sources */ = {isa = PBXBuildFile; fileRef = 0B8A89AC2B369E3B00688BA6 /* HomeCell.swift */; };
		0B8A89AF2B369E4300688BA6 /* HomeModel.swift in Sources */ = {isa = PBXBuildFile; fileRef = 0B8A89AE2B369E4300688BA6 /* HomeModel.swift */; };
		0B8A89B12B369E4C00688BA6 /* HomeView.swift in Sources */ = {isa = PBXBuildFile; fileRef = 0B8A89B02B369E4C00688BA6 /* HomeView.swift */; };
		0B8A89B32B369EF700688BA6 /* A.swift in Sources */ = {isa = PBXBuildFile; fileRef = 0B8A89B22B369EF700688BA6 /* A.swift */; };
		0B8A89B52B369F0100688BA6 /* B.swift in Sources */ = {isa = PBXBuildFile; fileRef = 0B8A89B42B369F0100688BA6 /* B.swift */; };
		0B8A89B72B369F1100688BA6 /* C.swift in Sources */ = {isa = PBXBuildFile; fileRef = 0B8A89B62B369F1100688BA6 /* C.swift */; };
		0B8A89BC2B369F2D00688BA6 /* UIView+.swift in Sources */ = {isa = PBXBuildFile; fileRef = 0B8A89BB2B369F2D00688BA6 /* UIView+.swift */; };
		0B8A89C42B369FA000688BA6 /* F.swift in Sources */ = {isa = PBXBuildFile; fileRef = 0B8A89C32B369FA000688BA6 /* F.swift */; };
		0BA193B22B4CE908007E3F9C /* SurveyView.swift in Sources */ = {isa = PBXBuildFile; fileRef = 0BA193B12B4CE908007E3F9C /* SurveyView.swift */; };
		0BA193B42B4D089C007E3F9C /* TimeSurveyViewController.swift in Sources */ = {isa = PBXBuildFile; fileRef = 0BA193B32B4D089C007E3F9C /* TimeSurveyViewController.swift */; };
		0BA193B62B4D08B7007E3F9C /* ProblemSurveyViewController.swift in Sources */ = {isa = PBXBuildFile; fileRef = 0BA193B52B4D08B7007E3F9C /* ProblemSurveyViewController.swift */; };
		0BA193B92B4D4097007E3F9C /* SignInModel.swift in Sources */ = {isa = PBXBuildFile; fileRef = 0BA193B82B4D4097007E3F9C /* SignInModel.swift */; };
		0BC0EBD22B493B6B003EF5D4 /* OnboardingProgressView.swift in Sources */ = {isa = PBXBuildFile; fileRef = 0BC0EBD12B493B6B003EF5D4 /* OnboardingProgressView.swift */; };
		0BC0EBD42B494459003EF5D4 /* OnboardingSwipeView.swift in Sources */ = {isa = PBXBuildFile; fileRef = 0BC0EBD32B494459003EF5D4 /* OnboardingSwipeView.swift */; };
		17314F7F2B485E150089A551 /* CustomAlertButton.swift in Sources */ = {isa = PBXBuildFile; fileRef = 17314F7E2B485E150089A551 /* CustomAlertButton.swift */; };
		17314F832B486BEC0089A551 /* AlertViewController.swift in Sources */ = {isa = PBXBuildFile; fileRef = 17314F822B486BEC0089A551 /* AlertViewController.swift */; };
		17314F852B497FDE0089A551 /* HMHLogoutAlert.swift in Sources */ = {isa = PBXBuildFile; fileRef = 17314F842B497FDE0089A551 /* HMHLogoutAlert.swift */; };
		17314F872B49853C0089A551 /* HMHQuitAlert.swift in Sources */ = {isa = PBXBuildFile; fileRef = 17314F862B49853C0089A551 /* HMHQuitAlert.swift */; };
		17314F892B49A8B60089A551 /* AlertDelegate.swift in Sources */ = {isa = PBXBuildFile; fileRef = 17314F882B49A8B60089A551 /* AlertDelegate.swift */; };
		174AF48E2B447B1F00450D07 /* MyPageCells.swift in Sources */ = {isa = PBXBuildFile; fileRef = 174AF48D2B447B1F00450D07 /* MyPageCells.swift */; };
		174AF4902B447B3C00450D07 /* MyPageModels.swift in Sources */ = {isa = PBXBuildFile; fileRef = 174AF48F2B447B3C00450D07 /* MyPageModels.swift */; };
		174AF4922B447B4600450D07 /* MyPageViews.swift in Sources */ = {isa = PBXBuildFile; fileRef = 174AF4912B447B4600450D07 /* MyPageViews.swift */; };
		174AF4942B447B5500450D07 /* MyPageViewController.swift in Sources */ = {isa = PBXBuildFile; fileRef = 174AF4932B447B5500450D07 /* MyPageViewController.swift */; };
		174AF4962B447CE700450D07 /* ChanllengeCells.swift in Sources */ = {isa = PBXBuildFile; fileRef = 174AF4952B447CE700450D07 /* ChanllengeCells.swift */; };
		174AF4982B447CF100450D07 /* ChanllengeModels.swift in Sources */ = {isa = PBXBuildFile; fileRef = 174AF4972B447CF100450D07 /* ChanllengeModels.swift */; };
		174AF49A2B447CFB00450D07 /* ChanllengeViews.swift in Sources */ = {isa = PBXBuildFile; fileRef = 174AF4992B447CFB00450D07 /* ChanllengeViews.swift */; };
		174AF49C2B447D0700450D07 /* ChallengeViewController.swift in Sources */ = {isa = PBXBuildFile; fileRef = 174AF49B2B447D0700450D07 /* ChallengeViewController.swift */; };
		364923602B4ED47000BF7ACA /* SwiftUIView.swift in Sources */ = {isa = PBXBuildFile; fileRef = 3649235F2B4ED47000BF7ACA /* SwiftUIView.swift */; };
		364C4E712B4BC9780015729C /* AppAddButtonView.swift in Sources */ = {isa = PBXBuildFile; fileRef = 364C4E702B4BC9780015729C /* AppAddButtonView.swift */; };
		364C4E732B4BF27C0015729C /* AppAddCollectionReusableView.swift in Sources */ = {isa = PBXBuildFile; fileRef = 364C4E722B4BF27C0015729C /* AppAddCollectionReusableView.swift */; };
		3666C84D2B45F41300564874 /* HMHAppSelectButtonView.swift in Sources */ = {isa = PBXBuildFile; fileRef = 3666C84C2B45F41300564874 /* HMHAppSelectButtonView.swift */; };
		3666C8552B45F47600564874 /* DeviceActivity.framework in Frameworks */ = {isa = PBXBuildFile; fileRef = 3666C8542B45F47600564874 /* DeviceActivity.framework */; };
		3666C8582B45F47600564874 /* DeviceActivityMonitorExtension.swift in Sources */ = {isa = PBXBuildFile; fileRef = 3666C8572B45F47600564874 /* DeviceActivityMonitorExtension.swift */; };
		3666C85D2B45F47600564874 /* DeviceMonitor.appex in Embed Foundation Extensions */ = {isa = PBXBuildFile; fileRef = 3666C8522B45F47600564874 /* DeviceMonitor.appex */; settings = {ATTRIBUTES = (RemoveHeadersOnCopy, ); }; };
		3666C8692B45F4B200564874 /* DeviceReport.swift in Sources */ = {isa = PBXBuildFile; fileRef = 3666C8682B45F4B200564874 /* DeviceReport.swift */; };
		3666C86B2B45F4B200564874 /* TotalActivityReport.swift in Sources */ = {isa = PBXBuildFile; fileRef = 3666C86A2B45F4B200564874 /* TotalActivityReport.swift */; };
		3666C86D2B45F4B200564874 /* TotalActivityView.swift in Sources */ = {isa = PBXBuildFile; fileRef = 3666C86C2B45F4B200564874 /* TotalActivityView.swift */; };
		3666C8722B45F4B200564874 /* DeviceReport.appex in Embed ExtensionKit Extensions */ = {isa = PBXBuildFile; fileRef = 3666C8662B45F4B200564874 /* DeviceReport.appex */; settings = {ATTRIBUTES = (RemoveHeadersOnCopy, ); }; };
		3666C87A2B45F4F900564874 /* SelectedBlocker.swift in Sources */ = {isa = PBXBuildFile; fileRef = 3666C8792B45F4F900564874 /* SelectedBlocker.swift */; };
		3666C87C2B45F50F00564874 /* BlockingApplicationModel.swift in Sources */ = {isa = PBXBuildFile; fileRef = 3666C87B2B45F50F00564874 /* BlockingApplicationModel.swift */; };
		3666C8882B47110800564874 /* SpecificTimePickerView.swift in Sources */ = {isa = PBXBuildFile; fileRef = 3666C8862B47110800564874 /* SpecificTimePickerView.swift */; };
		3666C8892B47110800564874 /* TotalTimePickerView.swift in Sources */ = {isa = PBXBuildFile; fileRef = 3666C8872B47110800564874 /* TotalTimePickerView.swift */; };
		3666C88B2B471B0D00564874 /* String.swift in Sources */ = {isa = PBXBuildFile; fileRef = 3666C88A2B471B0D00564874 /* String.swift */; };
		3666C88D2B471B1D00564874 /* UIImage+.swift in Sources */ = {isa = PBXBuildFile; fileRef = 3666C88C2B471B1D00564874 /* UIImage+.swift */; };
		3666C88F2B471C5800564874 /* TabBarController.swift in Sources */ = {isa = PBXBuildFile; fileRef = 3666C88E2B471C5800564874 /* TabBarController.swift */; };
		3666C89B2B48516500564874 /* ChallengeView.swift in Sources */ = {isa = PBXBuildFile; fileRef = 3666C89A2B48516500564874 /* ChallengeView.swift */; };
		3666C89F2B485C8F00564874 /* DateCollectionViewCell.swift in Sources */ = {isa = PBXBuildFile; fileRef = 3666C89E2B485C8F00564874 /* DateCollectionViewCell.swift */; };
		3666C8A12B485CC800564874 /* TitleCollectionReusableView.swift in Sources */ = {isa = PBXBuildFile; fileRef = 3666C8A02B485CC800564874 /* TitleCollectionReusableView.swift */; };
		3666C8A32B4861A200564874 /* AppListCollectionViewCell.swift in Sources */ = {isa = PBXBuildFile; fileRef = 3666C8A22B4861A200564874 /* AppListCollectionViewCell.swift */; };
		3666C8A52B48644A00564874 /* AppModel.swift in Sources */ = {isa = PBXBuildFile; fileRef = 3666C8A42B48644A00564874 /* AppModel.swift */; };
		367B42532B51DFD400B917CD /* ScreenTime.swift in Sources */ = {isa = PBXBuildFile; fileRef = 367B42512B51DFD400B917CD /* ScreenTime.swift */; };
		367B42542B51DFD400B917CD /* AppSelectionViewController.swift in Sources */ = {isa = PBXBuildFile; fileRef = 367B42522B51DFD400B917CD /* AppSelectionViewController.swift */; };
		36A3D8942B3AB57B007EA272 /* SnapKit in Frameworks */ = {isa = PBXBuildFile; productRef = 36A3D8932B3AB57B007EA272 /* SnapKit */; };
		36A3D8992B3AB58A007EA272 /* Then in Frameworks */ = {isa = PBXBuildFile; productRef = 36A3D8982B3AB58A007EA272 /* Then */; };
		36A3D89C2B3AB5A1007EA272 /* KakaoSDK in Frameworks */ = {isa = PBXBuildFile; productRef = 36A3D89B2B3AB5A1007EA272 /* KakaoSDK */; };
		36A3D89E2B3AB5A1007EA272 /* KakaoSDKAuth in Frameworks */ = {isa = PBXBuildFile; productRef = 36A3D89D2B3AB5A1007EA272 /* KakaoSDKAuth */; };
		36A3D8A02B3AB5A1007EA272 /* KakaoSDKCert in Frameworks */ = {isa = PBXBuildFile; productRef = 36A3D89F2B3AB5A1007EA272 /* KakaoSDKCert */; };
		36A3D8A22B3AB5A1007EA272 /* KakaoSDKCertCore in Frameworks */ = {isa = PBXBuildFile; productRef = 36A3D8A12B3AB5A1007EA272 /* KakaoSDKCertCore */; };
		36A3D8A42B3AB5A1007EA272 /* KakaoSDKCommon in Frameworks */ = {isa = PBXBuildFile; productRef = 36A3D8A32B3AB5A1007EA272 /* KakaoSDKCommon */; };
		36A3D8A62B3AB5A1007EA272 /* KakaoSDKFriend in Frameworks */ = {isa = PBXBuildFile; productRef = 36A3D8A52B3AB5A1007EA272 /* KakaoSDKFriend */; };
		36A3D8A82B3AB5A1007EA272 /* KakaoSDKFriendCore in Frameworks */ = {isa = PBXBuildFile; productRef = 36A3D8A72B3AB5A1007EA272 /* KakaoSDKFriendCore */; };
		36A3D8AA2B3AB5A1007EA272 /* KakaoSDKNavi in Frameworks */ = {isa = PBXBuildFile; productRef = 36A3D8A92B3AB5A1007EA272 /* KakaoSDKNavi */; };
		36A3D8AC2B3AB5A1007EA272 /* KakaoSDKShare in Frameworks */ = {isa = PBXBuildFile; productRef = 36A3D8AB2B3AB5A1007EA272 /* KakaoSDKShare */; };
		36A3D8AE2B3AB5A1007EA272 /* KakaoSDKTalk in Frameworks */ = {isa = PBXBuildFile; productRef = 36A3D8AD2B3AB5A1007EA272 /* KakaoSDKTalk */; };
		36A3D8B02B3AB5A1007EA272 /* KakaoSDKTemplate in Frameworks */ = {isa = PBXBuildFile; productRef = 36A3D8AF2B3AB5A1007EA272 /* KakaoSDKTemplate */; };
		36A3D8B22B3AB5A1007EA272 /* KakaoSDKUser in Frameworks */ = {isa = PBXBuildFile; productRef = 36A3D8B12B3AB5A1007EA272 /* KakaoSDKUser */; };
		36A3D9B42B3EBBED007EA272 /* UIStackView+.swift in Sources */ = {isa = PBXBuildFile; fileRef = 36A3D9B32B3EBBED007EA272 /* UIStackView+.swift */; };
		36A3D9B62B3EBBF7007EA272 /* Adjust+.swift in Sources */ = {isa = PBXBuildFile; fileRef = 36A3D9B52B3EBBF7007EA272 /* Adjust+.swift */; };
		36A3D9B82B3EBC3B007EA272 /* UILabel+.swift in Sources */ = {isa = PBXBuildFile; fileRef = 36A3D9B72B3EBC3B007EA272 /* UILabel+.swift */; };
		36A3D9BA2B3EBC65007EA272 /* UIButton+.swift in Sources */ = {isa = PBXBuildFile; fileRef = 36A3D9B92B3EBC65007EA272 /* UIButton+.swift */; };
		36A3D9BC2B3EBD2D007EA272 /* UIScreen+.swift in Sources */ = {isa = PBXBuildFile; fileRef = 36A3D9BB2B3EBD2D007EA272 /* UIScreen+.swift */; };
		36A3D9BE2B409BCC007EA272 /* Color.swift in Sources */ = {isa = PBXBuildFile; fileRef = 36A3D9BD2B409BCC007EA272 /* Color.swift */; };
		36A3D9C02B409CBD007EA272 /* Font.swift in Sources */ = {isa = PBXBuildFile; fileRef = 36A3D9BF2B409CBD007EA272 /* Font.swift */; };
		36A3D9CA2B409D35007EA272 /* Pretendard-Black.otf in Resources */ = {isa = PBXBuildFile; fileRef = 36A3D9C12B409D34007EA272 /* Pretendard-Black.otf */; };
		36A3D9CB2B409D35007EA272 /* Pretendard-Light.otf in Resources */ = {isa = PBXBuildFile; fileRef = 36A3D9C22B409D34007EA272 /* Pretendard-Light.otf */; };
		36A3D9CC2B409D35007EA272 /* Pretendard-SemiBold.otf in Resources */ = {isa = PBXBuildFile; fileRef = 36A3D9C32B409D34007EA272 /* Pretendard-SemiBold.otf */; };
		36A3D9CD2B409D35007EA272 /* Pretendard-Regular.otf in Resources */ = {isa = PBXBuildFile; fileRef = 36A3D9C42B409D35007EA272 /* Pretendard-Regular.otf */; };
		36A3D9CE2B409D35007EA272 /* Pretendard-ExtraBold.otf in Resources */ = {isa = PBXBuildFile; fileRef = 36A3D9C52B409D35007EA272 /* Pretendard-ExtraBold.otf */; };
		36A3D9CF2B409D35007EA272 /* Pretendard-Medium.otf in Resources */ = {isa = PBXBuildFile; fileRef = 36A3D9C62B409D35007EA272 /* Pretendard-Medium.otf */; };
		36A3D9D02B409D35007EA272 /* Pretendard-ExtraLight.otf in Resources */ = {isa = PBXBuildFile; fileRef = 36A3D9C72B409D35007EA272 /* Pretendard-ExtraLight.otf */; };
		36A3D9D12B409D35007EA272 /* Pretendard-Bold.otf in Resources */ = {isa = PBXBuildFile; fileRef = 36A3D9C82B409D35007EA272 /* Pretendard-Bold.otf */; };
		36A3D9D22B409D35007EA272 /* Pretendard-Thin.otf in Resources */ = {isa = PBXBuildFile; fileRef = 36A3D9C92B409D35007EA272 /* Pretendard-Thin.otf */; };
		36E05FE42B487911005B633E /* GrayBackgroundView.swift in Sources */ = {isa = PBXBuildFile; fileRef = 36E05FE32B487911005B633E /* GrayBackgroundView.swift */; };
		36E05FE62B48825A005B633E /* AppCollectionReusableView.swift in Sources */ = {isa = PBXBuildFile; fileRef = 36E05FE52B48825A005B633E /* AppCollectionReusableView.swift */; };
		36E531A82B4C789300B4BBE3 /* ManagedSettings.framework in Frameworks */ = {isa = PBXBuildFile; fileRef = 36E531A72B4C789300B4BBE3 /* ManagedSettings.framework */; };
		36E531AB2B4C789300B4BBE3 /* ShieldActionExtension.swift in Sources */ = {isa = PBXBuildFile; fileRef = 36E531AA2B4C789300B4BBE3 /* ShieldActionExtension.swift */; };
		36E531B02B4C789300B4BBE3 /* ShiledAction.appex in Embed Foundation Extensions */ = {isa = PBXBuildFile; fileRef = 36E531A62B4C789300B4BBE3 /* ShiledAction.appex */; settings = {ATTRIBUTES = (RemoveHeadersOnCopy, ); }; };
		36E531B92B4C78A900B4BBE3 /* ManagedSettings.framework in Frameworks */ = {isa = PBXBuildFile; fileRef = 36E531A72B4C789300B4BBE3 /* ManagedSettings.framework */; };
		36E531BB2B4C78A900B4BBE3 /* ManagedSettingsUI.framework in Frameworks */ = {isa = PBXBuildFile; fileRef = 36E531BA2B4C78A900B4BBE3 /* ManagedSettingsUI.framework */; };
		36E531BE2B4C78A900B4BBE3 /* ShieldConfigurationExtension.swift in Sources */ = {isa = PBXBuildFile; fileRef = 36E531BD2B4C78A900B4BBE3 /* ShieldConfigurationExtension.swift */; };
		36E531C32B4C78A900B4BBE3 /* ShiledConfig.appex in Embed Foundation Extensions */ = {isa = PBXBuildFile; fileRef = 36E531B82B4C78A900B4BBE3 /* ShiledConfig.appex */; settings = {ATTRIBUTES = (RemoveHeadersOnCopy, ); }; };
		36E531C92B4C798100B4BBE3 /* MyStore.swift in Sources */ = {isa = PBXBuildFile; fileRef = 36E531C82B4C798100B4BBE3 /* MyStore.swift */; };
		36E531F22B4D249700B4BBE3 /* GoalTimeSelectViewController.swift in Sources */ = {isa = PBXBuildFile; fileRef = 36E531F12B4D249700B4BBE3 /* GoalTimeSelectViewController.swift */; };
		36E531F42B4D24CF00B4BBE3 /* GoalTimeSelectView.swift in Sources */ = {isa = PBXBuildFile; fileRef = 36E531F32B4D24CF00B4BBE3 /* GoalTimeSelectView.swift */; };
		36E531FA2B4DC73100B4BBE3 /* ScreenTime.swift in Sources */ = {isa = PBXBuildFile; fileRef = 36E531F92B4DC73100B4BBE3 /* ScreenTime.swift */; };
		36E531FC2B4DCEB300B4BBE3 /* AppSelectionViewController.swift in Sources */ = {isa = PBXBuildFile; fileRef = 36E531FB2B4DCEB300B4BBE3 /* AppSelectionViewController.swift */; };
/* End PBXBuildFile section */

/* Begin PBXContainerItemProxy section */
		3666C85B2B45F47600564874 /* PBXContainerItemProxy */ = {
			isa = PBXContainerItemProxy;
			containerPortal = 0B50F9BF2B369813000C5046 /* Project object */;
			proxyType = 1;
			remoteGlobalIDString = 3666C8512B45F47600564874;
			remoteInfo = DeviceMonitor;
		};
		3666C8702B45F4B200564874 /* PBXContainerItemProxy */ = {
			isa = PBXContainerItemProxy;
			containerPortal = 0B50F9BF2B369813000C5046 /* Project object */;
			proxyType = 1;
			remoteGlobalIDString = 3666C8652B45F4B200564874;
			remoteInfo = DeviceReport;
		};
		36E531AE2B4C789300B4BBE3 /* PBXContainerItemProxy */ = {
			isa = PBXContainerItemProxy;
			containerPortal = 0B50F9BF2B369813000C5046 /* Project object */;
			proxyType = 1;
			remoteGlobalIDString = 36E531A52B4C789300B4BBE3;
			remoteInfo = ShiledAction;
		};
		36E531C12B4C78A900B4BBE3 /* PBXContainerItemProxy */ = {
			isa = PBXContainerItemProxy;
			containerPortal = 0B50F9BF2B369813000C5046 /* Project object */;
			proxyType = 1;
			remoteGlobalIDString = 36E531B72B4C78A900B4BBE3;
			remoteInfo = ShiledConfig;
		};
/* End PBXContainerItemProxy section */

/* Begin PBXCopyFilesBuildPhase section */
		3666C8612B45F47600564874 /* Embed Foundation Extensions */ = {
			isa = PBXCopyFilesBuildPhase;
			buildActionMask = 2147483647;
			dstPath = "";
			dstSubfolderSpec = 13;
			files = (
				3666C85D2B45F47600564874 /* DeviceMonitor.appex in Embed Foundation Extensions */,
				36E531B02B4C789300B4BBE3 /* ShiledAction.appex in Embed Foundation Extensions */,
				36E531C32B4C78A900B4BBE3 /* ShiledConfig.appex in Embed Foundation Extensions */,
			);
			name = "Embed Foundation Extensions";
			runOnlyForDeploymentPostprocessing = 0;
		};
		3666C8762B45F4B200564874 /* Embed ExtensionKit Extensions */ = {
			isa = PBXCopyFilesBuildPhase;
			buildActionMask = 2147483647;
			dstPath = "$(EXTENSIONS_FOLDER_PATH)";
			dstSubfolderSpec = 16;
			files = (
				3666C8722B45F4B200564874 /* DeviceReport.appex in Embed ExtensionKit Extensions */,
			);
			name = "Embed ExtensionKit Extensions";
			runOnlyForDeploymentPostprocessing = 0;
		};
/* End PBXCopyFilesBuildPhase section */

/* Begin PBXFileReference section */
		0B00353F2B43D64D00DA140C /* HMHNavigationBar.swift */ = {isa = PBXFileReference; lastKnownFileType = sourcecode.swift; path = HMHNavigationBar.swift; sourceTree = "<group>"; };
		0B2C2D3A2B443BE90023CCFA /* Image.swift */ = {isa = PBXFileReference; lastKnownFileType = sourcecode.swift; path = Image.swift; sourceTree = "<group>"; };
		0B2C2D402B4572240023CCFA /* HMHSelectButton.swift */ = {isa = PBXFileReference; lastKnownFileType = sourcecode.swift; path = HMHSelectButton.swift; sourceTree = "<group>"; };
		0B50F9C72B369813000C5046 /* HMH_iOS.app */ = {isa = PBXFileReference; explicitFileType = wrapper.application; includeInIndex = 0; path = HMH_iOS.app; sourceTree = BUILT_PRODUCTS_DIR; };
		0B50F9CA2B369813000C5046 /* AppDelegate.swift */ = {isa = PBXFileReference; lastKnownFileType = sourcecode.swift; path = AppDelegate.swift; sourceTree = "<group>"; };
		0B50F9CC2B369813000C5046 /* SceneDelegate.swift */ = {isa = PBXFileReference; lastKnownFileType = sourcecode.swift; path = SceneDelegate.swift; sourceTree = "<group>"; };
		0B50F9CE2B369813000C5046 /* HomeViewController.swift */ = {isa = PBXFileReference; lastKnownFileType = sourcecode.swift; path = HomeViewController.swift; sourceTree = "<group>"; };
		0B50F9D32B369815000C5046 /* Assets.xcassets */ = {isa = PBXFileReference; lastKnownFileType = folder.assetcatalog; path = Assets.xcassets; sourceTree = "<group>"; };
		0B50F9D62B369815000C5046 /* Base */ = {isa = PBXFileReference; lastKnownFileType = file.storyboard; name = Base; path = Base.lproj/LaunchScreen.storyboard; sourceTree = "<group>"; };
		0B50F9D82B369815000C5046 /* Info.plist */ = {isa = PBXFileReference; lastKnownFileType = text.plist.xml; path = Info.plist; sourceTree = "<group>"; };
		0B78174D2B4BD96D0078E925 /* OnboardingBaseViewControllers.swift */ = {isa = PBXFileReference; lastKnownFileType = sourcecode.swift; path = OnboardingBaseViewControllers.swift; sourceTree = "<group>"; };
		0B78174F2B4BD9F10078E925 /* OnboardingButton.swift */ = {isa = PBXFileReference; lastKnownFileType = sourcecode.swift; path = OnboardingButton.swift; sourceTree = "<group>"; };
		0B7817512B4BE0280078E925 /* ProgressBarManager.swift */ = {isa = PBXFileReference; lastKnownFileType = sourcecode.swift; path = ProgressBarManager.swift; sourceTree = "<group>"; };
		0B8A89AC2B369E3B00688BA6 /* HomeCell.swift */ = {isa = PBXFileReference; lastKnownFileType = sourcecode.swift; path = HomeCell.swift; sourceTree = "<group>"; };
		0B8A89AE2B369E4300688BA6 /* HomeModel.swift */ = {isa = PBXFileReference; lastKnownFileType = sourcecode.swift; path = HomeModel.swift; sourceTree = "<group>"; };
		0B8A89B02B369E4C00688BA6 /* HomeView.swift */ = {isa = PBXFileReference; lastKnownFileType = sourcecode.swift; path = HomeView.swift; sourceTree = "<group>"; };
		0B8A89B22B369EF700688BA6 /* A.swift */ = {isa = PBXFileReference; lastKnownFileType = sourcecode.swift; path = A.swift; sourceTree = "<group>"; };
		0B8A89B42B369F0100688BA6 /* B.swift */ = {isa = PBXFileReference; lastKnownFileType = sourcecode.swift; path = B.swift; sourceTree = "<group>"; };
		0B8A89B62B369F1100688BA6 /* C.swift */ = {isa = PBXFileReference; lastKnownFileType = sourcecode.swift; path = C.swift; sourceTree = "<group>"; };
		0B8A89BB2B369F2D00688BA6 /* UIView+.swift */ = {isa = PBXFileReference; lastKnownFileType = sourcecode.swift; path = "UIView+.swift"; sourceTree = "<group>"; };
		0B8A89C32B369FA000688BA6 /* F.swift */ = {isa = PBXFileReference; lastKnownFileType = sourcecode.swift; path = F.swift; sourceTree = "<group>"; };
		0BA193B12B4CE908007E3F9C /* SurveyView.swift */ = {isa = PBXFileReference; lastKnownFileType = sourcecode.swift; path = SurveyView.swift; sourceTree = "<group>"; };
		0BA193B32B4D089C007E3F9C /* TimeSurveyViewController.swift */ = {isa = PBXFileReference; lastKnownFileType = sourcecode.swift; path = TimeSurveyViewController.swift; sourceTree = "<group>"; };
		0BA193B52B4D08B7007E3F9C /* ProblemSurveyViewController.swift */ = {isa = PBXFileReference; lastKnownFileType = sourcecode.swift; path = ProblemSurveyViewController.swift; sourceTree = "<group>"; };
		0BA193B82B4D4097007E3F9C /* SignInModel.swift */ = {isa = PBXFileReference; lastKnownFileType = sourcecode.swift; path = SignInModel.swift; sourceTree = "<group>"; };
		0BC0EBD12B493B6B003EF5D4 /* OnboardingProgressView.swift */ = {isa = PBXFileReference; lastKnownFileType = sourcecode.swift; path = OnboardingProgressView.swift; sourceTree = "<group>"; };
		0BC0EBD32B494459003EF5D4 /* OnboardingSwipeView.swift */ = {isa = PBXFileReference; lastKnownFileType = sourcecode.swift; path = OnboardingSwipeView.swift; sourceTree = "<group>"; };
		17314F7E2B485E150089A551 /* CustomAlertButton.swift */ = {isa = PBXFileReference; lastKnownFileType = sourcecode.swift; path = CustomAlertButton.swift; sourceTree = "<group>"; };
		17314F822B486BEC0089A551 /* AlertViewController.swift */ = {isa = PBXFileReference; lastKnownFileType = sourcecode.swift; path = AlertViewController.swift; sourceTree = "<group>"; };
		17314F842B497FDE0089A551 /* HMHLogoutAlert.swift */ = {isa = PBXFileReference; lastKnownFileType = sourcecode.swift; path = HMHLogoutAlert.swift; sourceTree = "<group>"; };
		17314F862B49853C0089A551 /* HMHQuitAlert.swift */ = {isa = PBXFileReference; lastKnownFileType = sourcecode.swift; path = HMHQuitAlert.swift; sourceTree = "<group>"; };
		17314F882B49A8B60089A551 /* AlertDelegate.swift */ = {isa = PBXFileReference; lastKnownFileType = sourcecode.swift; path = AlertDelegate.swift; sourceTree = "<group>"; };
		174AF48D2B447B1F00450D07 /* MyPageCells.swift */ = {isa = PBXFileReference; lastKnownFileType = sourcecode.swift; path = MyPageCells.swift; sourceTree = "<group>"; };
		174AF48F2B447B3C00450D07 /* MyPageModels.swift */ = {isa = PBXFileReference; lastKnownFileType = sourcecode.swift; path = MyPageModels.swift; sourceTree = "<group>"; };
		174AF4912B447B4600450D07 /* MyPageViews.swift */ = {isa = PBXFileReference; lastKnownFileType = sourcecode.swift; path = MyPageViews.swift; sourceTree = "<group>"; };
		174AF4932B447B5500450D07 /* MyPageViewController.swift */ = {isa = PBXFileReference; lastKnownFileType = sourcecode.swift; path = MyPageViewController.swift; sourceTree = "<group>"; };
		174AF4952B447CE700450D07 /* ChanllengeCells.swift */ = {isa = PBXFileReference; lastKnownFileType = sourcecode.swift; path = ChanllengeCells.swift; sourceTree = "<group>"; };
		174AF4972B447CF100450D07 /* ChanllengeModels.swift */ = {isa = PBXFileReference; lastKnownFileType = sourcecode.swift; path = ChanllengeModels.swift; sourceTree = "<group>"; };
		174AF4992B447CFB00450D07 /* ChanllengeViews.swift */ = {isa = PBXFileReference; lastKnownFileType = sourcecode.swift; path = ChanllengeViews.swift; sourceTree = "<group>"; };
		174AF49B2B447D0700450D07 /* ChallengeViewController.swift */ = {isa = PBXFileReference; lastKnownFileType = sourcecode.swift; path = ChallengeViewController.swift; sourceTree = "<group>"; };
		3649235F2B4ED47000BF7ACA /* SwiftUIView.swift */ = {isa = PBXFileReference; lastKnownFileType = sourcecode.swift; path = SwiftUIView.swift; sourceTree = "<group>"; };
		364C4E702B4BC9780015729C /* AppAddButtonView.swift */ = {isa = PBXFileReference; lastKnownFileType = sourcecode.swift; path = AppAddButtonView.swift; sourceTree = "<group>"; };
		364C4E722B4BF27C0015729C /* AppAddCollectionReusableView.swift */ = {isa = PBXFileReference; lastKnownFileType = sourcecode.swift; path = AppAddCollectionReusableView.swift; sourceTree = "<group>"; };
		3666C84C2B45F41300564874 /* HMHAppSelectButtonView.swift */ = {isa = PBXFileReference; lastKnownFileType = sourcecode.swift; path = HMHAppSelectButtonView.swift; sourceTree = "<group>"; };
		3666C8522B45F47600564874 /* DeviceMonitor.appex */ = {isa = PBXFileReference; explicitFileType = "wrapper.app-extension"; includeInIndex = 0; path = DeviceMonitor.appex; sourceTree = BUILT_PRODUCTS_DIR; };
		3666C8542B45F47600564874 /* DeviceActivity.framework */ = {isa = PBXFileReference; lastKnownFileType = wrapper.framework; name = DeviceActivity.framework; path = System/Library/Frameworks/DeviceActivity.framework; sourceTree = SDKROOT; };
		3666C8572B45F47600564874 /* DeviceActivityMonitorExtension.swift */ = {isa = PBXFileReference; lastKnownFileType = sourcecode.swift; path = DeviceActivityMonitorExtension.swift; sourceTree = "<group>"; };
		3666C8592B45F47600564874 /* Info.plist */ = {isa = PBXFileReference; lastKnownFileType = text.plist.xml; path = Info.plist; sourceTree = "<group>"; };
		3666C85A2B45F47600564874 /* DeviceMonitor.entitlements */ = {isa = PBXFileReference; lastKnownFileType = text.plist.entitlements; path = DeviceMonitor.entitlements; sourceTree = "<group>"; };
		3666C8662B45F4B200564874 /* DeviceReport.appex */ = {isa = PBXFileReference; explicitFileType = "wrapper.extensionkit-extension"; includeInIndex = 0; path = DeviceReport.appex; sourceTree = BUILT_PRODUCTS_DIR; };
		3666C8682B45F4B200564874 /* DeviceReport.swift */ = {isa = PBXFileReference; lastKnownFileType = sourcecode.swift; path = DeviceReport.swift; sourceTree = "<group>"; };
		3666C86A2B45F4B200564874 /* TotalActivityReport.swift */ = {isa = PBXFileReference; lastKnownFileType = sourcecode.swift; path = TotalActivityReport.swift; sourceTree = "<group>"; };
		3666C86C2B45F4B200564874 /* TotalActivityView.swift */ = {isa = PBXFileReference; lastKnownFileType = sourcecode.swift; path = TotalActivityView.swift; sourceTree = "<group>"; };
		3666C86E2B45F4B200564874 /* Info.plist */ = {isa = PBXFileReference; lastKnownFileType = text.plist.xml; path = Info.plist; sourceTree = "<group>"; };
		3666C86F2B45F4B200564874 /* DeviceReport.entitlements */ = {isa = PBXFileReference; lastKnownFileType = text.plist.entitlements; path = DeviceReport.entitlements; sourceTree = "<group>"; };
		3666C8772B45F4C600564874 /* HMH_iOS.entitlements */ = {isa = PBXFileReference; lastKnownFileType = text.plist.entitlements; path = HMH_iOS.entitlements; sourceTree = "<group>"; };
		3666C8792B45F4F900564874 /* SelectedBlocker.swift */ = {isa = PBXFileReference; lastKnownFileType = sourcecode.swift; path = SelectedBlocker.swift; sourceTree = "<group>"; };
		3666C87B2B45F50F00564874 /* BlockingApplicationModel.swift */ = {isa = PBXFileReference; lastKnownFileType = sourcecode.swift; path = BlockingApplicationModel.swift; sourceTree = "<group>"; };
		3666C8862B47110800564874 /* SpecificTimePickerView.swift */ = {isa = PBXFileReference; fileEncoding = 4; lastKnownFileType = sourcecode.swift; path = SpecificTimePickerView.swift; sourceTree = "<group>"; };
		3666C8872B47110800564874 /* TotalTimePickerView.swift */ = {isa = PBXFileReference; fileEncoding = 4; lastKnownFileType = sourcecode.swift; path = TotalTimePickerView.swift; sourceTree = "<group>"; };
		3666C88A2B471B0D00564874 /* String.swift */ = {isa = PBXFileReference; lastKnownFileType = sourcecode.swift; path = String.swift; sourceTree = "<group>"; };
		3666C88C2B471B1D00564874 /* UIImage+.swift */ = {isa = PBXFileReference; lastKnownFileType = sourcecode.swift; path = "UIImage+.swift"; sourceTree = "<group>"; };
		3666C88E2B471C5800564874 /* TabBarController.swift */ = {isa = PBXFileReference; fileEncoding = 4; lastKnownFileType = sourcecode.swift; path = TabBarController.swift; sourceTree = "<group>"; };
		3666C89A2B48516500564874 /* ChallengeView.swift */ = {isa = PBXFileReference; lastKnownFileType = sourcecode.swift; path = ChallengeView.swift; sourceTree = "<group>"; };
		3666C89E2B485C8F00564874 /* DateCollectionViewCell.swift */ = {isa = PBXFileReference; lastKnownFileType = sourcecode.swift; path = DateCollectionViewCell.swift; sourceTree = "<group>"; };
		3666C8A02B485CC800564874 /* TitleCollectionReusableView.swift */ = {isa = PBXFileReference; lastKnownFileType = sourcecode.swift; path = TitleCollectionReusableView.swift; sourceTree = "<group>"; };
		3666C8A22B4861A200564874 /* AppListCollectionViewCell.swift */ = {isa = PBXFileReference; lastKnownFileType = sourcecode.swift; path = AppListCollectionViewCell.swift; sourceTree = "<group>"; };
		3666C8A42B48644A00564874 /* AppModel.swift */ = {isa = PBXFileReference; lastKnownFileType = sourcecode.swift; path = AppModel.swift; sourceTree = "<group>"; };
		367B42512B51DFD400B917CD /* ScreenTime.swift */ = {isa = PBXFileReference; fileEncoding = 4; lastKnownFileType = sourcecode.swift; path = ScreenTime.swift; sourceTree = "<group>"; };
		367B42522B51DFD400B917CD /* AppSelectionViewController.swift */ = {isa = PBXFileReference; fileEncoding = 4; lastKnownFileType = sourcecode.swift; path = AppSelectionViewController.swift; sourceTree = "<group>"; };
		36A3D9B32B3EBBED007EA272 /* UIStackView+.swift */ = {isa = PBXFileReference; lastKnownFileType = sourcecode.swift; path = "UIStackView+.swift"; sourceTree = "<group>"; };
		36A3D9B52B3EBBF7007EA272 /* Adjust+.swift */ = {isa = PBXFileReference; lastKnownFileType = sourcecode.swift; path = "Adjust+.swift"; sourceTree = "<group>"; };
		36A3D9B72B3EBC3B007EA272 /* UILabel+.swift */ = {isa = PBXFileReference; lastKnownFileType = sourcecode.swift; path = "UILabel+.swift"; sourceTree = "<group>"; };
		36A3D9B92B3EBC65007EA272 /* UIButton+.swift */ = {isa = PBXFileReference; lastKnownFileType = sourcecode.swift; path = "UIButton+.swift"; sourceTree = "<group>"; };
		36A3D9BB2B3EBD2D007EA272 /* UIScreen+.swift */ = {isa = PBXFileReference; lastKnownFileType = sourcecode.swift; path = "UIScreen+.swift"; sourceTree = "<group>"; };
		36A3D9BD2B409BCC007EA272 /* Color.swift */ = {isa = PBXFileReference; lastKnownFileType = sourcecode.swift; path = Color.swift; sourceTree = "<group>"; };
		36A3D9BF2B409CBD007EA272 /* Font.swift */ = {isa = PBXFileReference; lastKnownFileType = sourcecode.swift; path = Font.swift; sourceTree = "<group>"; };
		36A3D9C12B409D34007EA272 /* Pretendard-Black.otf */ = {isa = PBXFileReference; lastKnownFileType = file; path = "Pretendard-Black.otf"; sourceTree = "<group>"; };
		36A3D9C22B409D34007EA272 /* Pretendard-Light.otf */ = {isa = PBXFileReference; lastKnownFileType = file; path = "Pretendard-Light.otf"; sourceTree = "<group>"; };
		36A3D9C32B409D34007EA272 /* Pretendard-SemiBold.otf */ = {isa = PBXFileReference; lastKnownFileType = file; path = "Pretendard-SemiBold.otf"; sourceTree = "<group>"; };
		36A3D9C42B409D35007EA272 /* Pretendard-Regular.otf */ = {isa = PBXFileReference; lastKnownFileType = file; path = "Pretendard-Regular.otf"; sourceTree = "<group>"; };
		36A3D9C52B409D35007EA272 /* Pretendard-ExtraBold.otf */ = {isa = PBXFileReference; lastKnownFileType = file; path = "Pretendard-ExtraBold.otf"; sourceTree = "<group>"; };
		36A3D9C62B409D35007EA272 /* Pretendard-Medium.otf */ = {isa = PBXFileReference; lastKnownFileType = file; path = "Pretendard-Medium.otf"; sourceTree = "<group>"; };
		36A3D9C72B409D35007EA272 /* Pretendard-ExtraLight.otf */ = {isa = PBXFileReference; lastKnownFileType = file; path = "Pretendard-ExtraLight.otf"; sourceTree = "<group>"; };
		36A3D9C82B409D35007EA272 /* Pretendard-Bold.otf */ = {isa = PBXFileReference; lastKnownFileType = file; path = "Pretendard-Bold.otf"; sourceTree = "<group>"; };
		36A3D9C92B409D35007EA272 /* Pretendard-Thin.otf */ = {isa = PBXFileReference; lastKnownFileType = file; path = "Pretendard-Thin.otf"; sourceTree = "<group>"; };
		36E05FE32B487911005B633E /* GrayBackgroundView.swift */ = {isa = PBXFileReference; lastKnownFileType = sourcecode.swift; path = GrayBackgroundView.swift; sourceTree = "<group>"; };
		36E05FE52B48825A005B633E /* AppCollectionReusableView.swift */ = {isa = PBXFileReference; lastKnownFileType = sourcecode.swift; path = AppCollectionReusableView.swift; sourceTree = "<group>"; };
		36E531A62B4C789300B4BBE3 /* ShiledAction.appex */ = {isa = PBXFileReference; explicitFileType = "wrapper.app-extension"; includeInIndex = 0; path = ShiledAction.appex; sourceTree = BUILT_PRODUCTS_DIR; };
		36E531A72B4C789300B4BBE3 /* ManagedSettings.framework */ = {isa = PBXFileReference; lastKnownFileType = wrapper.framework; name = ManagedSettings.framework; path = System/Library/Frameworks/ManagedSettings.framework; sourceTree = SDKROOT; };
		36E531AA2B4C789300B4BBE3 /* ShieldActionExtension.swift */ = {isa = PBXFileReference; lastKnownFileType = sourcecode.swift; path = ShieldActionExtension.swift; sourceTree = "<group>"; };
		36E531AC2B4C789300B4BBE3 /* Info.plist */ = {isa = PBXFileReference; lastKnownFileType = text.plist.xml; path = Info.plist; sourceTree = "<group>"; };
		36E531AD2B4C789300B4BBE3 /* ShiledAction.entitlements */ = {isa = PBXFileReference; lastKnownFileType = text.plist.entitlements; path = ShiledAction.entitlements; sourceTree = "<group>"; };
		36E531B82B4C78A900B4BBE3 /* ShiledConfig.appex */ = {isa = PBXFileReference; explicitFileType = "wrapper.app-extension"; includeInIndex = 0; path = ShiledConfig.appex; sourceTree = BUILT_PRODUCTS_DIR; };
		36E531BA2B4C78A900B4BBE3 /* ManagedSettingsUI.framework */ = {isa = PBXFileReference; lastKnownFileType = wrapper.framework; name = ManagedSettingsUI.framework; path = System/Library/Frameworks/ManagedSettingsUI.framework; sourceTree = SDKROOT; };
		36E531BD2B4C78A900B4BBE3 /* ShieldConfigurationExtension.swift */ = {isa = PBXFileReference; lastKnownFileType = sourcecode.swift; path = ShieldConfigurationExtension.swift; sourceTree = "<group>"; };
		36E531BF2B4C78A900B4BBE3 /* Info.plist */ = {isa = PBXFileReference; lastKnownFileType = text.plist.xml; path = Info.plist; sourceTree = "<group>"; };
		36E531C02B4C78A900B4BBE3 /* ShiledConfig.entitlements */ = {isa = PBXFileReference; lastKnownFileType = text.plist.entitlements; path = ShiledConfig.entitlements; sourceTree = "<group>"; };
		36E531C82B4C798100B4BBE3 /* MyStore.swift */ = {isa = PBXFileReference; lastKnownFileType = sourcecode.swift; path = MyStore.swift; sourceTree = "<group>"; };
		36E531F12B4D249700B4BBE3 /* GoalTimeSelectViewController.swift */ = {isa = PBXFileReference; lastKnownFileType = sourcecode.swift; path = GoalTimeSelectViewController.swift; sourceTree = "<group>"; };
		36E531F32B4D24CF00B4BBE3 /* GoalTimeSelectView.swift */ = {isa = PBXFileReference; lastKnownFileType = sourcecode.swift; path = GoalTimeSelectView.swift; sourceTree = "<group>"; };
		36E531F92B4DC73100B4BBE3 /* ScreenTime.swift */ = {isa = PBXFileReference; lastKnownFileType = sourcecode.swift; path = ScreenTime.swift; sourceTree = "<group>"; };
		36E531FB2B4DCEB300B4BBE3 /* AppSelectionViewController.swift */ = {isa = PBXFileReference; lastKnownFileType = sourcecode.swift; path = AppSelectionViewController.swift; sourceTree = "<group>"; };
/* End PBXFileReference section */

/* Begin PBXFrameworksBuildPhase section */
		0B50F9C42B369813000C5046 /* Frameworks */ = {
			isa = PBXFrameworksBuildPhase;
			buildActionMask = 2147483647;
			files = (
				36A3D8A42B3AB5A1007EA272 /* KakaoSDKCommon in Frameworks */,
				36A3D8942B3AB57B007EA272 /* SnapKit in Frameworks */,
				36A3D8A62B3AB5A1007EA272 /* KakaoSDKFriend in Frameworks */,
				36A3D89C2B3AB5A1007EA272 /* KakaoSDK in Frameworks */,
				36A3D8AA2B3AB5A1007EA272 /* KakaoSDKNavi in Frameworks */,
				36A3D8AC2B3AB5A1007EA272 /* KakaoSDKShare in Frameworks */,
				36A3D8992B3AB58A007EA272 /* Then in Frameworks */,
				36A3D8AE2B3AB5A1007EA272 /* KakaoSDKTalk in Frameworks */,
				36A3D8B22B3AB5A1007EA272 /* KakaoSDKUser in Frameworks */,
				36A3D8A02B3AB5A1007EA272 /* KakaoSDKCert in Frameworks */,
				36A3D8B02B3AB5A1007EA272 /* KakaoSDKTemplate in Frameworks */,
				36A3D89E2B3AB5A1007EA272 /* KakaoSDKAuth in Frameworks */,
				36A3D8A82B3AB5A1007EA272 /* KakaoSDKFriendCore in Frameworks */,
				36A3D8A22B3AB5A1007EA272 /* KakaoSDKCertCore in Frameworks */,
			);
			runOnlyForDeploymentPostprocessing = 0;
		};
		3666C84F2B45F47600564874 /* Frameworks */ = {
			isa = PBXFrameworksBuildPhase;
			buildActionMask = 2147483647;
			files = (
				3666C8552B45F47600564874 /* DeviceActivity.framework in Frameworks */,
			);
			runOnlyForDeploymentPostprocessing = 0;
		};
		3666C8632B45F4B200564874 /* Frameworks */ = {
			isa = PBXFrameworksBuildPhase;
			buildActionMask = 2147483647;
			files = (
			);
			runOnlyForDeploymentPostprocessing = 0;
		};
		36E531A32B4C789300B4BBE3 /* Frameworks */ = {
			isa = PBXFrameworksBuildPhase;
			buildActionMask = 2147483647;
			files = (
				36E531A82B4C789300B4BBE3 /* ManagedSettings.framework in Frameworks */,
			);
			runOnlyForDeploymentPostprocessing = 0;
		};
		36E531B52B4C78A900B4BBE3 /* Frameworks */ = {
			isa = PBXFrameworksBuildPhase;
			buildActionMask = 2147483647;
			files = (
				36E531B92B4C78A900B4BBE3 /* ManagedSettings.framework in Frameworks */,
				36E531BB2B4C78A900B4BBE3 /* ManagedSettingsUI.framework in Frameworks */,
			);
			runOnlyForDeploymentPostprocessing = 0;
		};
/* End PBXFrameworksBuildPhase section */

/* Begin PBXGroup section */
		0B2C2D3C2B4559AE0023CCFA /* Onboarding */ = {
			isa = PBXGroup;
			children = (
				0BA193B72B4D4086007E3F9C /* Models */,
				0B7817512B4BE0280078E925 /* ProgressBarManager.swift */,
				0B78174C2B4BD9450078E925 /* ViewControllers */,
				0B2C2D3D2B4559C90023CCFA /* Views */,
			);
			path = Onboarding;
			sourceTree = "<group>";
		};
		0B2C2D3D2B4559C90023CCFA /* Views */ = {
			isa = PBXGroup;
			children = (
				0BC0EBD32B494459003EF5D4 /* OnboardingSwipeView.swift */,
				0BC0EBD12B493B6B003EF5D4 /* OnboardingProgressView.swift */,
				0B78174F2B4BD9F10078E925 /* OnboardingButton.swift */,
				0BA193B12B4CE908007E3F9C /* SurveyView.swift */,
			);
			path = Views;
			sourceTree = "<group>";
		};
		0B50F9BE2B369813000C5046 = {
			isa = PBXGroup;
			children = (
				0B50F9C92B369813000C5046 /* HMH_iOS */,
				3666C8562B45F47600564874 /* DeviceMonitor */,
				3666C8672B45F4B200564874 /* DeviceReport */,
				36E531A92B4C789300B4BBE3 /* ShiledAction */,
				36E531BC2B4C78A900B4BBE3 /* ShiledConfig */,
				3666C8532B45F47600564874 /* Frameworks */,
				0B50F9C82B369813000C5046 /* Products */,
			);
			sourceTree = "<group>";
		};
		0B50F9C82B369813000C5046 /* Products */ = {
			isa = PBXGroup;
			children = (
				0B50F9C72B369813000C5046 /* HMH_iOS.app */,
				3666C8522B45F47600564874 /* DeviceMonitor.appex */,
				3666C8662B45F4B200564874 /* DeviceReport.appex */,
				36E531A62B4C789300B4BBE3 /* ShiledAction.appex */,
				36E531B82B4C78A900B4BBE3 /* ShiledConfig.appex */,
			);
			name = Products;
			sourceTree = "<group>";
		};
		0B50F9C92B369813000C5046 /* HMH_iOS */ = {
			isa = PBXGroup;
			children = (
				3666C8772B45F4C600564874 /* HMH_iOS.entitlements */,
				0B50F9D82B369815000C5046 /* Info.plist */,
				0B67CCE32B369BB400582D54 /* Application */,
				0B67CCE52B369BC800582D54 /* Global */,
				0B67CCE62B369BCF00582D54 /* Network */,
				0B50F9D52B369815000C5046 /* LaunchScreen.storyboard */,
				0B67CCE72B369BE300582D54 /* Presentation */,
			);
			path = HMH_iOS;
			sourceTree = "<group>";
		};
		0B67CCE32B369BB400582D54 /* Application */ = {
			isa = PBXGroup;
			children = (
				0B50F9CA2B369813000C5046 /* AppDelegate.swift */,
				0B50F9CC2B369813000C5046 /* SceneDelegate.swift */,
			);
			path = Application;
			sourceTree = "<group>";
		};
		0B67CCE52B369BC800582D54 /* Global */ = {
			isa = PBXGroup;
			children = (
				0B8A89952B369CD900688BA6 /* Extension */,
				0B8A89962B369CE500688BA6 /* Literals */,
				0B8A899F2B369D6E00688BA6 /* Resources */,
				0B8A89982B369CF800688BA6 /* SupportingFiles */,
				0B8A89972B369CF100688BA6 /* Protocols */,
			);
			path = Global;
			sourceTree = "<group>";
		};
		0B67CCE62B369BCF00582D54 /* Network */ = {
			isa = PBXGroup;
			children = (
				0B8A89A22B369DB600688BA6 /* Base */,
				0B8A89A32B369DBE00688BA6 /* DataModel */,
				0B8A89A42B369DCA00688BA6 /* Service */,
			);
			path = Network;
			sourceTree = "<group>";
		};
		0B67CCE72B369BE300582D54 /* Presentation */ = {
			isa = PBXGroup;
			children = (
				3666C8842B47110800564874 /* CreateChallenge */,
				174AF4842B447AB500450D07 /* MyPage */,
				174AF4832B447A7A00450D07 /* Challenge */,
				0B2C2D3C2B4559AE0023CCFA /* Onboarding */,
				0B8A89A72B369DE600688BA6 /* Home */,
				0B8A89A52B369DD500688BA6 /* Common */,
			);
			path = Presentation;
			sourceTree = "<group>";
		};
		0B78174C2B4BD9450078E925 /* ViewControllers */ = {
			isa = PBXGroup;
			children = (
				0B78174D2B4BD96D0078E925 /* OnboardingBaseViewControllers.swift */,
				0BA193B32B4D089C007E3F9C /* TimeSurveyViewController.swift */,
				0BA193B52B4D08B7007E3F9C /* ProblemSurveyViewController.swift */,
			);
			path = ViewControllers;
			sourceTree = "<group>";
		};
		0B8A89952B369CD900688BA6 /* Extension */ = {
			isa = PBXGroup;
			children = (
				0B8A89BB2B369F2D00688BA6 /* UIView+.swift */,
				36A3D9B32B3EBBED007EA272 /* UIStackView+.swift */,
				36A3D9B92B3EBC65007EA272 /* UIButton+.swift */,
				36A3D9B52B3EBBF7007EA272 /* Adjust+.swift */,
				36A3D9B72B3EBC3B007EA272 /* UILabel+.swift */,
				36A3D9BB2B3EBD2D007EA272 /* UIScreen+.swift */,
				3666C88C2B471B1D00564874 /* UIImage+.swift */,
			);
			path = Extension;
			sourceTree = "<group>";
		};
		0B8A89962B369CE500688BA6 /* Literals */ = {
			isa = PBXGroup;
			children = (
				0B8A899B2B369D2F00688BA6 /* String */,
				0B8A899A2B369D2700688BA6 /* Literal */,
			);
			path = Literals;
			sourceTree = "<group>";
		};
		0B8A89972B369CF100688BA6 /* Protocols */ = {
			isa = PBXGroup;
			children = (
				17314F882B49A8B60089A551 /* AlertDelegate.swift */,
			);
			path = Protocols;
			sourceTree = "<group>";
		};
		0B8A89982B369CF800688BA6 /* SupportingFiles */ = {
			isa = PBXGroup;
			children = (
				36E531C72B4C795400B4BBE3 /* AppGroup */,
				3666C8782B45F4D900564874 /* AppBlock */,
				0B8A89992B369D0B00688BA6 /* Base */,
			);
			path = SupportingFiles;
			sourceTree = "<group>";
		};
		0B8A89992B369D0B00688BA6 /* Base */ = {
			isa = PBXGroup;
			children = (
				0B8A89C32B369FA000688BA6 /* F.swift */,
			);
			path = Base;
			sourceTree = "<group>";
		};
		0B8A899A2B369D2700688BA6 /* Literal */ = {
			isa = PBXGroup;
			children = (
				0B2C2D3A2B443BE90023CCFA /* Image.swift */,
			);
			path = Literal;
			sourceTree = "<group>";
		};
		0B8A899B2B369D2F00688BA6 /* String */ = {
			isa = PBXGroup;
			children = (
				3666C88A2B471B0D00564874 /* String.swift */,
			);
			path = String;
			sourceTree = "<group>";
		};
		0B8A899F2B369D6E00688BA6 /* Resources */ = {
			isa = PBXGroup;
			children = (
				36A3D9BD2B409BCC007EA272 /* Color.swift */,
				36A3D9BF2B409CBD007EA272 /* Font.swift */,
				0B8A89A02B369D7700688BA6 /* Font */,
				0B50F9D32B369815000C5046 /* Assets.xcassets */,
			);
			path = Resources;
			sourceTree = "<group>";
		};
		0B8A89A02B369D7700688BA6 /* Font */ = {
			isa = PBXGroup;
			children = (
				36A3D9C12B409D34007EA272 /* Pretendard-Black.otf */,
				36A3D9C82B409D35007EA272 /* Pretendard-Bold.otf */,
				36A3D9C52B409D35007EA272 /* Pretendard-ExtraBold.otf */,
				36A3D9C72B409D35007EA272 /* Pretendard-ExtraLight.otf */,
				36A3D9C22B409D34007EA272 /* Pretendard-Light.otf */,
				36A3D9C62B409D35007EA272 /* Pretendard-Medium.otf */,
				36A3D9C42B409D35007EA272 /* Pretendard-Regular.otf */,
				36A3D9C32B409D34007EA272 /* Pretendard-SemiBold.otf */,
				36A3D9C92B409D35007EA272 /* Pretendard-Thin.otf */,
			);
			path = Font;
			sourceTree = "<group>";
		};
		0B8A89A22B369DB600688BA6 /* Base */ = {
			isa = PBXGroup;
			children = (
				0B8A89B22B369EF700688BA6 /* A.swift */,
			);
			path = Base;
			sourceTree = "<group>";
		};
		0B8A89A32B369DBE00688BA6 /* DataModel */ = {
			isa = PBXGroup;
			children = (
				0B8A89B42B369F0100688BA6 /* B.swift */,
			);
			path = DataModel;
			sourceTree = "<group>";
		};
		0B8A89A42B369DCA00688BA6 /* Service */ = {
			isa = PBXGroup;
			children = (
				0B8A89B62B369F1100688BA6 /* C.swift */,
			);
			path = Service;
			sourceTree = "<group>";
		};
		0B8A89A52B369DD500688BA6 /* Common */ = {
			isa = PBXGroup;
			children = (
				17314F7D2B485DCF0089A551 /* CustomAlert */,
				174AF4362B43DB2000450D07 /* CustomTabbar */,
				3666C8492B45F37900564874 /* SwiftUIView */,
				0B8A89A62B369DDB00688BA6 /* UIComponets */,
			);
			path = Common;
			sourceTree = "<group>";
		};
		0B8A89A62B369DDB00688BA6 /* UIComponets */ = {
			isa = PBXGroup;
			children = (
				0B00353F2B43D64D00DA140C /* HMHNavigationBar.swift */,
				0B2C2D402B4572240023CCFA /* HMHSelectButton.swift */,
			);
			path = UIComponets;
			sourceTree = "<group>";
		};
		0B8A89A72B369DE600688BA6 /* Home */ = {
			isa = PBXGroup;
			children = (
				0B8A89AB2B369DFE00688BA6 /* Cells */,
				0B8A89AA2B369DF700688BA6 /* Models */,
				0B8A89A92B369DF100688BA6 /* Views */,
				0B8A89A82B369DEA00688BA6 /* ViewControllers */,
			);
			path = Home;
			sourceTree = "<group>";
		};
		0B8A89A82B369DEA00688BA6 /* ViewControllers */ = {
			isa = PBXGroup;
			children = (
				0B50F9CE2B369813000C5046 /* HomeViewController.swift */,
			);
			path = ViewControllers;
			sourceTree = "<group>";
		};
		0B8A89A92B369DF100688BA6 /* Views */ = {
			isa = PBXGroup;
			children = (
				0B8A89B02B369E4C00688BA6 /* HomeView.swift */,
			);
			path = Views;
			sourceTree = "<group>";
		};
		0B8A89AA2B369DF700688BA6 /* Models */ = {
			isa = PBXGroup;
			children = (
				0B8A89AE2B369E4300688BA6 /* HomeModel.swift */,
			);
			path = Models;
			sourceTree = "<group>";
		};
		0B8A89AB2B369DFE00688BA6 /* Cells */ = {
			isa = PBXGroup;
			children = (
				0B8A89AC2B369E3B00688BA6 /* HomeCell.swift */,
			);
			path = Cells;
			sourceTree = "<group>";
		};
		0BA193B72B4D4086007E3F9C /* Models */ = {
			isa = PBXGroup;
			children = (
				0BA193B82B4D4097007E3F9C /* SignInModel.swift */,
			);
			path = Models;
			sourceTree = "<group>";
		};
		17314F7D2B485DCF0089A551 /* CustomAlert */ = {
			isa = PBXGroup;
			children = (
				17314F7E2B485E150089A551 /* CustomAlertButton.swift */,
				17314F822B486BEC0089A551 /* AlertViewController.swift */,
				17314F842B497FDE0089A551 /* HMHLogoutAlert.swift */,
				17314F862B49853C0089A551 /* HMHQuitAlert.swift */,
			);
			path = CustomAlert;
			sourceTree = "<group>";
		};
		174AF4362B43DB2000450D07 /* CustomTabbar */ = {
			isa = PBXGroup;
			children = (
				3666C88E2B471C5800564874 /* TabBarController.swift */,
			);
			path = CustomTabbar;
			sourceTree = "<group>";
		};
		174AF4832B447A7A00450D07 /* Challenge */ = {
			isa = PBXGroup;
			children = (
				174AF4882B447AE600450D07 /* Cells */,
				174AF4872B447ADF00450D07 /* Models */,
				174AF4862B447AD800450D07 /* Views */,
				174AF4852B447AC500450D07 /* ViewControllers */,
				364C4E6F2B4BC95E0015729C /* SwiftUIView */,
			);
			path = Challenge;
			sourceTree = "<group>";
		};
		174AF4842B447AB500450D07 /* MyPage */ = {
			isa = PBXGroup;
			children = (
				174AF48C2B447B0500450D07 /* Cells */,
				174AF48B2B447B0100450D07 /* Models */,
				174AF48A2B447AFC00450D07 /* Views */,
				174AF4892B447AEF00450D07 /* ViewControllers */,
			);
			path = MyPage;
			sourceTree = "<group>";
		};
		174AF4852B447AC500450D07 /* ViewControllers */ = {
			isa = PBXGroup;
			children = (
				367B42522B51DFD400B917CD /* AppSelectionViewController.swift */,
				367B42512B51DFD400B917CD /* ScreenTime.swift */,
				174AF49B2B447D0700450D07 /* ChallengeViewController.swift */,
				36E531F12B4D249700B4BBE3 /* GoalTimeSelectViewController.swift */,
				36E531FB2B4DCEB300B4BBE3 /* AppSelectionViewController.swift */,
				36E531F92B4DC73100B4BBE3 /* ScreenTime.swift */,
			);
			path = ViewControllers;
			sourceTree = "<group>";
		};
		174AF4862B447AD800450D07 /* Views */ = {
			isa = PBXGroup;
			children = (
				174AF4992B447CFB00450D07 /* ChanllengeViews.swift */,
				3666C89A2B48516500564874 /* ChallengeView.swift */,
				36E531F32B4D24CF00B4BBE3 /* GoalTimeSelectView.swift */,
			);
			path = Views;
			sourceTree = "<group>";
		};
		174AF4872B447ADF00450D07 /* Models */ = {
			isa = PBXGroup;
			children = (
				174AF4972B447CF100450D07 /* ChanllengeModels.swift */,
				3666C8A42B48644A00564874 /* AppModel.swift */,
			);
			path = Models;
			sourceTree = "<group>";
		};
		174AF4882B447AE600450D07 /* Cells */ = {
			isa = PBXGroup;
			children = (
				3666C89D2B485C6700564874 /* HeaderFooterView */,
				174AF4952B447CE700450D07 /* ChanllengeCells.swift */,
				3666C89E2B485C8F00564874 /* DateCollectionViewCell.swift */,
				3666C8A22B4861A200564874 /* AppListCollectionViewCell.swift */,
			);
			path = Cells;
			sourceTree = "<group>";
		};
		174AF4892B447AEF00450D07 /* ViewControllers */ = {
			isa = PBXGroup;
			children = (
				174AF4932B447B5500450D07 /* MyPageViewController.swift */,
			);
			path = ViewControllers;
			sourceTree = "<group>";
		};
		174AF48A2B447AFC00450D07 /* Views */ = {
			isa = PBXGroup;
			children = (
				174AF4912B447B4600450D07 /* MyPageViews.swift */,
			);
			path = Views;
			sourceTree = "<group>";
		};
		174AF48B2B447B0100450D07 /* Models */ = {
			isa = PBXGroup;
			children = (
				174AF48F2B447B3C00450D07 /* MyPageModels.swift */,
			);
			path = Models;
			sourceTree = "<group>";
		};
		174AF48C2B447B0500450D07 /* Cells */ = {
			isa = PBXGroup;
			children = (
				174AF48D2B447B1F00450D07 /* MyPageCells.swift */,
			);
			path = Cells;
			sourceTree = "<group>";
		};
		364C4E6F2B4BC95E0015729C /* SwiftUIView */ = {
			isa = PBXGroup;
			children = (
				364C4E702B4BC9780015729C /* AppAddButtonView.swift */,
				3649235F2B4ED47000BF7ACA /* SwiftUIView.swift */,
			);
			path = SwiftUIView;
			sourceTree = "<group>";
		};
		3666C8492B45F37900564874 /* SwiftUIView */ = {
			isa = PBXGroup;
			children = (
				3666C84C2B45F41300564874 /* HMHAppSelectButtonView.swift */,
			);
			path = SwiftUIView;
			sourceTree = "<group>";
		};
		3666C8532B45F47600564874 /* Frameworks */ = {
			isa = PBXGroup;
			children = (
				3666C8542B45F47600564874 /* DeviceActivity.framework */,
				36E531A72B4C789300B4BBE3 /* ManagedSettings.framework */,
				36E531BA2B4C78A900B4BBE3 /* ManagedSettingsUI.framework */,
			);
			name = Frameworks;
			sourceTree = "<group>";
		};
		3666C8562B45F47600564874 /* DeviceMonitor */ = {
			isa = PBXGroup;
			children = (
				3666C8572B45F47600564874 /* DeviceActivityMonitorExtension.swift */,
				3666C8592B45F47600564874 /* Info.plist */,
				3666C85A2B45F47600564874 /* DeviceMonitor.entitlements */,
			);
			path = DeviceMonitor;
			sourceTree = "<group>";
		};
		3666C8672B45F4B200564874 /* DeviceReport */ = {
			isa = PBXGroup;
			children = (
				3666C8682B45F4B200564874 /* DeviceReport.swift */,
				3666C86A2B45F4B200564874 /* TotalActivityReport.swift */,
				3666C86C2B45F4B200564874 /* TotalActivityView.swift */,
				3666C86E2B45F4B200564874 /* Info.plist */,
				3666C86F2B45F4B200564874 /* DeviceReport.entitlements */,
			);
			path = DeviceReport;
			sourceTree = "<group>";
		};
		3666C8782B45F4D900564874 /* AppBlock */ = {
			isa = PBXGroup;
			children = (
				3666C8792B45F4F900564874 /* SelectedBlocker.swift */,
				3666C87B2B45F50F00564874 /* BlockingApplicationModel.swift */,
			);
			path = AppBlock;
			sourceTree = "<group>";
		};
		3666C8842B47110800564874 /* CreateChallenge */ = {
			isa = PBXGroup;
			children = (
				3666C8852B47110800564874 /* Views */,
			);
			path = CreateChallenge;
			sourceTree = "<group>";
		};
		3666C8852B47110800564874 /* Views */ = {
			isa = PBXGroup;
			children = (
				3666C8862B47110800564874 /* SpecificTimePickerView.swift */,
				3666C8872B47110800564874 /* TotalTimePickerView.swift */,
			);
			path = Views;
			sourceTree = "<group>";
		};
		3666C89D2B485C6700564874 /* HeaderFooterView */ = {
			isa = PBXGroup;
			children = (
				3666C8A02B485CC800564874 /* TitleCollectionReusableView.swift */,
				36E05FE32B487911005B633E /* GrayBackgroundView.swift */,
				36E05FE52B48825A005B633E /* AppCollectionReusableView.swift */,
				364C4E722B4BF27C0015729C /* AppAddCollectionReusableView.swift */,
			);
			path = HeaderFooterView;
			sourceTree = "<group>";
		};
		36E531A92B4C789300B4BBE3 /* ShiledAction */ = {
			isa = PBXGroup;
			children = (
				36E531AA2B4C789300B4BBE3 /* ShieldActionExtension.swift */,
				36E531AC2B4C789300B4BBE3 /* Info.plist */,
				36E531AD2B4C789300B4BBE3 /* ShiledAction.entitlements */,
			);
			path = ShiledAction;
			sourceTree = "<group>";
		};
		36E531BC2B4C78A900B4BBE3 /* ShiledConfig */ = {
			isa = PBXGroup;
			children = (
				36E531BD2B4C78A900B4BBE3 /* ShieldConfigurationExtension.swift */,
				36E531BF2B4C78A900B4BBE3 /* Info.plist */,
				36E531C02B4C78A900B4BBE3 /* ShiledConfig.entitlements */,
			);
			path = ShiledConfig;
			sourceTree = "<group>";
		};
		36E531C72B4C795400B4BBE3 /* AppGroup */ = {
			isa = PBXGroup;
			children = (
				36E531C82B4C798100B4BBE3 /* MyStore.swift */,
			);
			path = AppGroup;
			sourceTree = "<group>";
		};
/* End PBXGroup section */

/* Begin PBXNativeTarget section */
		0B50F9C62B369813000C5046 /* HMH_iOS */ = {
			isa = PBXNativeTarget;
			buildConfigurationList = 0B50F9DB2B369815000C5046 /* Build configuration list for PBXNativeTarget "HMH_iOS" */;
			buildPhases = (
				0B50F9C32B369813000C5046 /* Sources */,
				0B50F9C42B369813000C5046 /* Frameworks */,
				0B50F9C52B369813000C5046 /* Resources */,
				3666C8612B45F47600564874 /* Embed Foundation Extensions */,
				3666C8762B45F4B200564874 /* Embed ExtensionKit Extensions */,
			);
			buildRules = (
			);
			dependencies = (
				3666C85C2B45F47600564874 /* PBXTargetDependency */,
				3666C8712B45F4B200564874 /* PBXTargetDependency */,
				36E531AF2B4C789300B4BBE3 /* PBXTargetDependency */,
				36E531C22B4C78A900B4BBE3 /* PBXTargetDependency */,
			);
			name = HMH_iOS;
			packageProductDependencies = (
				36A3D8932B3AB57B007EA272 /* SnapKit */,
				36A3D8982B3AB58A007EA272 /* Then */,
				36A3D89B2B3AB5A1007EA272 /* KakaoSDK */,
				36A3D89D2B3AB5A1007EA272 /* KakaoSDKAuth */,
				36A3D89F2B3AB5A1007EA272 /* KakaoSDKCert */,
				36A3D8A12B3AB5A1007EA272 /* KakaoSDKCertCore */,
				36A3D8A32B3AB5A1007EA272 /* KakaoSDKCommon */,
				36A3D8A52B3AB5A1007EA272 /* KakaoSDKFriend */,
				36A3D8A72B3AB5A1007EA272 /* KakaoSDKFriendCore */,
				36A3D8A92B3AB5A1007EA272 /* KakaoSDKNavi */,
				36A3D8AB2B3AB5A1007EA272 /* KakaoSDKShare */,
				36A3D8AD2B3AB5A1007EA272 /* KakaoSDKTalk */,
				36A3D8AF2B3AB5A1007EA272 /* KakaoSDKTemplate */,
				36A3D8B12B3AB5A1007EA272 /* KakaoSDKUser */,
			);
			productName = HMH_iOS;
			productReference = 0B50F9C72B369813000C5046 /* HMH_iOS.app */;
			productType = "com.apple.product-type.application";
		};
		3666C8512B45F47600564874 /* DeviceMonitor */ = {
			isa = PBXNativeTarget;
			buildConfigurationList = 3666C85E2B45F47600564874 /* Build configuration list for PBXNativeTarget "DeviceMonitor" */;
			buildPhases = (
				3666C84E2B45F47600564874 /* Sources */,
				3666C84F2B45F47600564874 /* Frameworks */,
				3666C8502B45F47600564874 /* Resources */,
			);
			buildRules = (
			);
			dependencies = (
			);
			name = DeviceMonitor;
			productName = DeviceMonitor;
			productReference = 3666C8522B45F47600564874 /* DeviceMonitor.appex */;
			productType = "com.apple.product-type.app-extension";
		};
		3666C8652B45F4B200564874 /* DeviceReport */ = {
			isa = PBXNativeTarget;
			buildConfigurationList = 3666C8732B45F4B200564874 /* Build configuration list for PBXNativeTarget "DeviceReport" */;
			buildPhases = (
				3666C8622B45F4B200564874 /* Sources */,
				3666C8632B45F4B200564874 /* Frameworks */,
				3666C8642B45F4B200564874 /* Resources */,
			);
			buildRules = (
			);
			dependencies = (
			);
			name = DeviceReport;
			productName = DeviceReport;
			productReference = 3666C8662B45F4B200564874 /* DeviceReport.appex */;
			productType = "com.apple.product-type.extensionkit-extension";
		};
		36E531A52B4C789300B4BBE3 /* ShiledAction */ = {
			isa = PBXNativeTarget;
			buildConfigurationList = 36E531B32B4C789300B4BBE3 /* Build configuration list for PBXNativeTarget "ShiledAction" */;
			buildPhases = (
				36E531A22B4C789300B4BBE3 /* Sources */,
				36E531A32B4C789300B4BBE3 /* Frameworks */,
				36E531A42B4C789300B4BBE3 /* Resources */,
			);
			buildRules = (
			);
			dependencies = (
			);
			name = ShiledAction;
			productName = ShiledAction;
			productReference = 36E531A62B4C789300B4BBE3 /* ShiledAction.appex */;
			productType = "com.apple.product-type.app-extension";
		};
		36E531B72B4C78A900B4BBE3 /* ShiledConfig */ = {
			isa = PBXNativeTarget;
			buildConfigurationList = 36E531C42B4C78A900B4BBE3 /* Build configuration list for PBXNativeTarget "ShiledConfig" */;
			buildPhases = (
				36E531B42B4C78A900B4BBE3 /* Sources */,
				36E531B52B4C78A900B4BBE3 /* Frameworks */,
				36E531B62B4C78A900B4BBE3 /* Resources */,
			);
			buildRules = (
			);
			dependencies = (
			);
			name = ShiledConfig;
			productName = ShiledConfig;
			productReference = 36E531B82B4C78A900B4BBE3 /* ShiledConfig.appex */;
			productType = "com.apple.product-type.app-extension";
		};
/* End PBXNativeTarget section */

/* Begin PBXProject section */
		0B50F9BF2B369813000C5046 /* Project object */ = {
			isa = PBXProject;
			attributes = {
				BuildIndependentTargetsInParallel = 1;
				LastSwiftUpdateCheck = 1510;
				LastUpgradeCheck = 1500;
				TargetAttributes = {
					0B50F9C62B369813000C5046 = {
						CreatedOnToolsVersion = 15.0.1;
					};
					3666C8512B45F47600564874 = {
						CreatedOnToolsVersion = 15.1;
					};
					3666C8652B45F4B200564874 = {
						CreatedOnToolsVersion = 15.1;
					};
					36E531A52B4C789300B4BBE3 = {
						CreatedOnToolsVersion = 15.1;
					};
					36E531B72B4C78A900B4BBE3 = {
						CreatedOnToolsVersion = 15.1;
					};
				};
			};
			buildConfigurationList = 0B50F9C22B369813000C5046 /* Build configuration list for PBXProject "HMH_iOS" */;
			compatibilityVersion = "Xcode 14.0";
			developmentRegion = en;
			hasScannedForEncodings = 0;
			knownRegions = (
				en,
				Base,
			);
			mainGroup = 0B50F9BE2B369813000C5046;
			packageReferences = (
				36A3D8922B3AB57B007EA272 /* XCRemoteSwiftPackageReference "SnapKit" */,
				36A3D8972B3AB58A007EA272 /* XCRemoteSwiftPackageReference "Then" */,
				36A3D89A2B3AB5A1007EA272 /* XCRemoteSwiftPackageReference "kakao-ios-sdk" */,
			);
			productRefGroup = 0B50F9C82B369813000C5046 /* Products */;
			projectDirPath = "";
			projectRoot = "";
			targets = (
				0B50F9C62B369813000C5046 /* HMH_iOS */,
				3666C8512B45F47600564874 /* DeviceMonitor */,
				3666C8652B45F4B200564874 /* DeviceReport */,
				36E531A52B4C789300B4BBE3 /* ShiledAction */,
				36E531B72B4C78A900B4BBE3 /* ShiledConfig */,
			);
		};
/* End PBXProject section */

/* Begin PBXResourcesBuildPhase section */
		0B50F9C52B369813000C5046 /* Resources */ = {
			isa = PBXResourcesBuildPhase;
			buildActionMask = 2147483647;
			files = (
				36A3D9D02B409D35007EA272 /* Pretendard-ExtraLight.otf in Resources */,
				36A3D9D12B409D35007EA272 /* Pretendard-Bold.otf in Resources */,
				0B50F9D72B369815000C5046 /* LaunchScreen.storyboard in Resources */,
				36A3D9CD2B409D35007EA272 /* Pretendard-Regular.otf in Resources */,
				36A3D9CE2B409D35007EA272 /* Pretendard-ExtraBold.otf in Resources */,
				36A3D9CF2B409D35007EA272 /* Pretendard-Medium.otf in Resources */,
				36A3D9CB2B409D35007EA272 /* Pretendard-Light.otf in Resources */,
				36A3D9CC2B409D35007EA272 /* Pretendard-SemiBold.otf in Resources */,
				36A3D9CA2B409D35007EA272 /* Pretendard-Black.otf in Resources */,
				36A3D9D22B409D35007EA272 /* Pretendard-Thin.otf in Resources */,
				0B50F9D42B369815000C5046 /* Assets.xcassets in Resources */,
			);
			runOnlyForDeploymentPostprocessing = 0;
		};
		3666C8502B45F47600564874 /* Resources */ = {
			isa = PBXResourcesBuildPhase;
			buildActionMask = 2147483647;
			files = (
			);
			runOnlyForDeploymentPostprocessing = 0;
		};
		3666C8642B45F4B200564874 /* Resources */ = {
			isa = PBXResourcesBuildPhase;
			buildActionMask = 2147483647;
			files = (
			);
			runOnlyForDeploymentPostprocessing = 0;
		};
		36E531A42B4C789300B4BBE3 /* Resources */ = {
			isa = PBXResourcesBuildPhase;
			buildActionMask = 2147483647;
			files = (
			);
			runOnlyForDeploymentPostprocessing = 0;
		};
		36E531B62B4C78A900B4BBE3 /* Resources */ = {
			isa = PBXResourcesBuildPhase;
			buildActionMask = 2147483647;
			files = (
			);
			runOnlyForDeploymentPostprocessing = 0;
		};
/* End PBXResourcesBuildPhase section */

/* Begin PBXSourcesBuildPhase section */
		0B50F9C32B369813000C5046 /* Sources */ = {
			isa = PBXSourcesBuildPhase;
			buildActionMask = 2147483647;
			files = (
				3666C8A12B485CC800564874 /* TitleCollectionReusableView.swift in Sources */,
				36E05FE42B487911005B633E /* GrayBackgroundView.swift in Sources */,
				364923602B4ED47000BF7ACA /* SwiftUIView.swift in Sources */,
				0B50F9CF2B369813000C5046 /* HomeViewController.swift in Sources */,
				0B2C2D412B4572240023CCFA /* HMHSelectButton.swift in Sources */,
				0B8A89BC2B369F2D00688BA6 /* UIView+.swift in Sources */,
				0B8A89AF2B369E4300688BA6 /* HomeModel.swift in Sources */,
				3666C89F2B485C8F00564874 /* DateCollectionViewCell.swift in Sources */,
				3666C87A2B45F4F900564874 /* SelectedBlocker.swift in Sources */,
				0BC0EBD42B494459003EF5D4 /* OnboardingSwipeView.swift in Sources */,
				36A3D9C02B409CBD007EA272 /* Font.swift in Sources */,
				174AF4902B447B3C00450D07 /* MyPageModels.swift in Sources */,
				174AF4982B447CF100450D07 /* ChanllengeModels.swift in Sources */,
				174AF48E2B447B1F00450D07 /* MyPageCells.swift in Sources */,
				3666C8A52B48644A00564874 /* AppModel.swift in Sources */,
				174AF4942B447B5500450D07 /* MyPageViewController.swift in Sources */,
				0BA193B42B4D089C007E3F9C /* TimeSurveyViewController.swift in Sources */,
				36A3D9B82B3EBC3B007EA272 /* UILabel+.swift in Sources */,
				0B50F9CB2B369813000C5046 /* AppDelegate.swift in Sources */,
				0B7817522B4BE0280078E925 /* ProgressBarManager.swift in Sources */,
				0B8A89C42B369FA000688BA6 /* F.swift in Sources */,
				3666C8892B47110800564874 /* TotalTimePickerView.swift in Sources */,
				174AF49A2B447CFB00450D07 /* ChanllengeViews.swift in Sources */,
				17314F872B49853C0089A551 /* HMHQuitAlert.swift in Sources */,
				0BA193B62B4D08B7007E3F9C /* ProblemSurveyViewController.swift in Sources */,
				0B8A89B72B369F1100688BA6 /* C.swift in Sources */,
				0B2C2D3B2B443BE90023CCFA /* Image.swift in Sources */,
				367B42532B51DFD400B917CD /* ScreenTime.swift in Sources */,
				17314F852B497FDE0089A551 /* HMHLogoutAlert.swift in Sources */,
				3666C84D2B45F41300564874 /* HMHAppSelectButtonView.swift in Sources */,
				3666C8A32B4861A200564874 /* AppListCollectionViewCell.swift in Sources */,
				0BA193B92B4D4097007E3F9C /* SignInModel.swift in Sources */,
				0B8A89AD2B369E3B00688BA6 /* HomeCell.swift in Sources */,
				3666C8882B47110800564874 /* SpecificTimePickerView.swift in Sources */,
				174AF4922B447B4600450D07 /* MyPageViews.swift in Sources */,
				36A3D9BE2B409BCC007EA272 /* Color.swift in Sources */,
				0B8A89B52B369F0100688BA6 /* B.swift in Sources */,
				174AF49C2B447D0700450D07 /* ChallengeViewController.swift in Sources */,
				17314F892B49A8B60089A551 /* AlertDelegate.swift in Sources */,
				0B78174E2B4BD96D0078E925 /* OnboardingBaseViewControllers.swift in Sources */,
				0B8A89B12B369E4C00688BA6 /* HomeView.swift in Sources */,
				36A3D9B62B3EBBF7007EA272 /* Adjust+.swift in Sources */,
				36A3D9BC2B3EBD2D007EA272 /* UIScreen+.swift in Sources */,
				0B7817502B4BD9F10078E925 /* OnboardingButton.swift in Sources */,
				0B50F9CD2B369813000C5046 /* SceneDelegate.swift in Sources */,
				36A3D9B42B3EBBED007EA272 /* UIStackView+.swift in Sources */,
				364C4E712B4BC9780015729C /* AppAddButtonView.swift in Sources */,
				174AF4962B447CE700450D07 /* ChanllengeCells.swift in Sources */,
				17314F832B486BEC0089A551 /* AlertViewController.swift in Sources */,
				0B8A89B32B369EF700688BA6 /* A.swift in Sources */,
				0BC0EBD22B493B6B003EF5D4 /* OnboardingProgressView.swift in Sources */,
				364C4E732B4BF27C0015729C /* AppAddCollectionReusableView.swift in Sources */,
				17314F7F2B485E150089A551 /* CustomAlertButton.swift in Sources */,
				36A3D9BA2B3EBC65007EA272 /* UIButton+.swift in Sources */,
				3666C88F2B471C5800564874 /* TabBarController.swift in Sources */,
				36E531F42B4D24CF00B4BBE3 /* GoalTimeSelectView.swift in Sources */,
				36E531C92B4C798100B4BBE3 /* MyStore.swift in Sources */,
				36E05FE62B48825A005B633E /* AppCollectionReusableView.swift in Sources */,
				3666C88B2B471B0D00564874 /* String.swift in Sources */,
				3666C89B2B48516500564874 /* ChallengeView.swift in Sources */,
				36E531F22B4D249700B4BBE3 /* GoalTimeSelectViewController.swift in Sources */,
				367B42542B51DFD400B917CD /* AppSelectionViewController.swift in Sources */,
				3666C88D2B471B1D00564874 /* UIImage+.swift in Sources */,
				36E531FC2B4DCEB300B4BBE3 /* AppSelectionViewController.swift in Sources */,
				3666C87C2B45F50F00564874 /* BlockingApplicationModel.swift in Sources */,
				36E531FA2B4DC73100B4BBE3 /* ScreenTime.swift in Sources */,
				0B0035402B43D64D00DA140C /* HMHNavigationBar.swift in Sources */,
				0BA193B22B4CE908007E3F9C /* SurveyView.swift in Sources */,
			);
			runOnlyForDeploymentPostprocessing = 0;
		};
		3666C84E2B45F47600564874 /* Sources */ = {
			isa = PBXSourcesBuildPhase;
			buildActionMask = 2147483647;
			files = (
				3666C8582B45F47600564874 /* DeviceActivityMonitorExtension.swift in Sources */,
			);
			runOnlyForDeploymentPostprocessing = 0;
		};
		3666C8622B45F4B200564874 /* Sources */ = {
			isa = PBXSourcesBuildPhase;
			buildActionMask = 2147483647;
			files = (
				3666C86D2B45F4B200564874 /* TotalActivityView.swift in Sources */,
				3666C8692B45F4B200564874 /* DeviceReport.swift in Sources */,
				3666C86B2B45F4B200564874 /* TotalActivityReport.swift in Sources */,
			);
			runOnlyForDeploymentPostprocessing = 0;
		};
		36E531A22B4C789300B4BBE3 /* Sources */ = {
			isa = PBXSourcesBuildPhase;
			buildActionMask = 2147483647;
			files = (
				36E531AB2B4C789300B4BBE3 /* ShieldActionExtension.swift in Sources */,
			);
			runOnlyForDeploymentPostprocessing = 0;
		};
		36E531B42B4C78A900B4BBE3 /* Sources */ = {
			isa = PBXSourcesBuildPhase;
			buildActionMask = 2147483647;
			files = (
				36E531BE2B4C78A900B4BBE3 /* ShieldConfigurationExtension.swift in Sources */,
			);
			runOnlyForDeploymentPostprocessing = 0;
		};
/* End PBXSourcesBuildPhase section */

/* Begin PBXTargetDependency section */
		3666C85C2B45F47600564874 /* PBXTargetDependency */ = {
			isa = PBXTargetDependency;
			target = 3666C8512B45F47600564874 /* DeviceMonitor */;
			targetProxy = 3666C85B2B45F47600564874 /* PBXContainerItemProxy */;
		};
		3666C8712B45F4B200564874 /* PBXTargetDependency */ = {
			isa = PBXTargetDependency;
			target = 3666C8652B45F4B200564874 /* DeviceReport */;
			targetProxy = 3666C8702B45F4B200564874 /* PBXContainerItemProxy */;
		};
		36E531AF2B4C789300B4BBE3 /* PBXTargetDependency */ = {
			isa = PBXTargetDependency;
			target = 36E531A52B4C789300B4BBE3 /* ShiledAction */;
			targetProxy = 36E531AE2B4C789300B4BBE3 /* PBXContainerItemProxy */;
		};
		36E531C22B4C78A900B4BBE3 /* PBXTargetDependency */ = {
			isa = PBXTargetDependency;
			target = 36E531B72B4C78A900B4BBE3 /* ShiledConfig */;
			targetProxy = 36E531C12B4C78A900B4BBE3 /* PBXContainerItemProxy */;
		};
/* End PBXTargetDependency section */

/* Begin PBXVariantGroup section */
		0B50F9D52B369815000C5046 /* LaunchScreen.storyboard */ = {
			isa = PBXVariantGroup;
			children = (
				0B50F9D62B369815000C5046 /* Base */,
			);
			name = LaunchScreen.storyboard;
			sourceTree = "<group>";
		};
/* End PBXVariantGroup section */

/* Begin XCBuildConfiguration section */
		0B50F9D92B369815000C5046 /* Debug */ = {
			isa = XCBuildConfiguration;
			buildSettings = {
				ALWAYS_SEARCH_USER_PATHS = NO;
				ARCHS = "$(ARCHS_STANDARD)";
				ASSETCATALOG_COMPILER_GENERATE_SWIFT_ASSET_SYMBOL_EXTENSIONS = YES;
				CLANG_ANALYZER_NONNULL = YES;
				CLANG_ANALYZER_NUMBER_OBJECT_CONVERSION = YES_AGGRESSIVE;
				CLANG_CXX_LANGUAGE_STANDARD = "gnu++20";
				CLANG_ENABLE_MODULES = YES;
				CLANG_ENABLE_OBJC_ARC = YES;
				CLANG_ENABLE_OBJC_WEAK = YES;
				CLANG_WARN_BLOCK_CAPTURE_AUTORELEASING = YES;
				CLANG_WARN_BOOL_CONVERSION = YES;
				CLANG_WARN_COMMA = YES;
				CLANG_WARN_CONSTANT_CONVERSION = YES;
				CLANG_WARN_DEPRECATED_OBJC_IMPLEMENTATIONS = YES;
				CLANG_WARN_DIRECT_OBJC_ISA_USAGE = YES_ERROR;
				CLANG_WARN_DOCUMENTATION_COMMENTS = YES;
				CLANG_WARN_EMPTY_BODY = YES;
				CLANG_WARN_ENUM_CONVERSION = YES;
				CLANG_WARN_INFINITE_RECURSION = YES;
				CLANG_WARN_INT_CONVERSION = YES;
				CLANG_WARN_NON_LITERAL_NULL_CONVERSION = YES;
				CLANG_WARN_OBJC_IMPLICIT_RETAIN_SELF = YES;
				CLANG_WARN_OBJC_LITERAL_CONVERSION = YES;
				CLANG_WARN_OBJC_ROOT_CLASS = YES_ERROR;
				CLANG_WARN_QUOTED_INCLUDE_IN_FRAMEWORK_HEADER = YES;
				CLANG_WARN_RANGE_LOOP_ANALYSIS = YES;
				CLANG_WARN_STRICT_PROTOTYPES = YES;
				CLANG_WARN_SUSPICIOUS_MOVE = YES;
				CLANG_WARN_UNGUARDED_AVAILABILITY = YES_AGGRESSIVE;
				CLANG_WARN_UNREACHABLE_CODE = YES;
				CLANG_WARN__DUPLICATE_METHOD_MATCH = YES;
				COPY_PHASE_STRIP = NO;
				DEBUG_INFORMATION_FORMAT = dwarf;
				ENABLE_STRICT_OBJC_MSGSEND = YES;
				ENABLE_TESTABILITY = YES;
				ENABLE_USER_SCRIPT_SANDBOXING = YES;
				GCC_C_LANGUAGE_STANDARD = gnu17;
				GCC_DYNAMIC_NO_PIC = NO;
				GCC_NO_COMMON_BLOCKS = YES;
				GCC_OPTIMIZATION_LEVEL = 0;
				GCC_PREPROCESSOR_DEFINITIONS = (
					"DEBUG=1",
					"$(inherited)",
				);
				GCC_WARN_64_TO_32_BIT_CONVERSION = YES;
				GCC_WARN_ABOUT_RETURN_TYPE = YES_ERROR;
				GCC_WARN_UNDECLARED_SELECTOR = YES;
				GCC_WARN_UNINITIALIZED_AUTOS = YES_AGGRESSIVE;
				GCC_WARN_UNUSED_FUNCTION = YES;
				GCC_WARN_UNUSED_VARIABLE = YES;
				IPHONEOS_DEPLOYMENT_TARGET = 17.0;
				LOCALIZATION_PREFERS_STRING_CATALOGS = YES;
				MTL_ENABLE_DEBUG_INFO = INCLUDE_SOURCE;
				MTL_FAST_MATH = YES;
				ONLY_ACTIVE_ARCH = YES;
				SDKROOT = iphoneos;
				SWIFT_ACTIVE_COMPILATION_CONDITIONS = "DEBUG $(inherited)";
				SWIFT_OPTIMIZATION_LEVEL = "-Onone";
			};
			name = Debug;
		};
		0B50F9DA2B369815000C5046 /* Release */ = {
			isa = XCBuildConfiguration;
			buildSettings = {
				ALWAYS_SEARCH_USER_PATHS = NO;
				ARCHS = "$(ARCHS_STANDARD)";
				ASSETCATALOG_COMPILER_GENERATE_SWIFT_ASSET_SYMBOL_EXTENSIONS = YES;
				CLANG_ANALYZER_NONNULL = YES;
				CLANG_ANALYZER_NUMBER_OBJECT_CONVERSION = YES_AGGRESSIVE;
				CLANG_CXX_LANGUAGE_STANDARD = "gnu++20";
				CLANG_ENABLE_MODULES = YES;
				CLANG_ENABLE_OBJC_ARC = YES;
				CLANG_ENABLE_OBJC_WEAK = YES;
				CLANG_WARN_BLOCK_CAPTURE_AUTORELEASING = YES;
				CLANG_WARN_BOOL_CONVERSION = YES;
				CLANG_WARN_COMMA = YES;
				CLANG_WARN_CONSTANT_CONVERSION = YES;
				CLANG_WARN_DEPRECATED_OBJC_IMPLEMENTATIONS = YES;
				CLANG_WARN_DIRECT_OBJC_ISA_USAGE = YES_ERROR;
				CLANG_WARN_DOCUMENTATION_COMMENTS = YES;
				CLANG_WARN_EMPTY_BODY = YES;
				CLANG_WARN_ENUM_CONVERSION = YES;
				CLANG_WARN_INFINITE_RECURSION = YES;
				CLANG_WARN_INT_CONVERSION = YES;
				CLANG_WARN_NON_LITERAL_NULL_CONVERSION = YES;
				CLANG_WARN_OBJC_IMPLICIT_RETAIN_SELF = YES;
				CLANG_WARN_OBJC_LITERAL_CONVERSION = YES;
				CLANG_WARN_OBJC_ROOT_CLASS = YES_ERROR;
				CLANG_WARN_QUOTED_INCLUDE_IN_FRAMEWORK_HEADER = YES;
				CLANG_WARN_RANGE_LOOP_ANALYSIS = YES;
				CLANG_WARN_STRICT_PROTOTYPES = YES;
				CLANG_WARN_SUSPICIOUS_MOVE = YES;
				CLANG_WARN_UNGUARDED_AVAILABILITY = YES_AGGRESSIVE;
				CLANG_WARN_UNREACHABLE_CODE = YES;
				CLANG_WARN__DUPLICATE_METHOD_MATCH = YES;
				COPY_PHASE_STRIP = NO;
				DEBUG_INFORMATION_FORMAT = "dwarf-with-dsym";
				ENABLE_NS_ASSERTIONS = NO;
				ENABLE_STRICT_OBJC_MSGSEND = YES;
				ENABLE_USER_SCRIPT_SANDBOXING = YES;
				GCC_C_LANGUAGE_STANDARD = gnu17;
				GCC_NO_COMMON_BLOCKS = YES;
				GCC_WARN_64_TO_32_BIT_CONVERSION = YES;
				GCC_WARN_ABOUT_RETURN_TYPE = YES_ERROR;
				GCC_WARN_UNDECLARED_SELECTOR = YES;
				GCC_WARN_UNINITIALIZED_AUTOS = YES_AGGRESSIVE;
				GCC_WARN_UNUSED_FUNCTION = YES;
				GCC_WARN_UNUSED_VARIABLE = YES;
				IPHONEOS_DEPLOYMENT_TARGET = 17.0;
				LOCALIZATION_PREFERS_STRING_CATALOGS = YES;
				MTL_ENABLE_DEBUG_INFO = NO;
				MTL_FAST_MATH = YES;
				SDKROOT = iphoneos;
				SWIFT_COMPILATION_MODE = wholemodule;
				VALIDATE_PRODUCT = YES;
			};
			name = Release;
		};
		0B50F9DC2B369815000C5046 /* Debug */ = {
			isa = XCBuildConfiguration;
			buildSettings = {
				ALWAYS_EMBED_SWIFT_STANDARD_LIBRARIES = YES;
				ARCHS = "$(ARCHS_STANDARD)";
				ASSETCATALOG_COMPILER_APPICON_NAME = AppIcon;
				ASSETCATALOG_COMPILER_GLOBAL_ACCENT_COLOR_NAME = AccentColor;
				CODE_SIGN_ENTITLEMENTS = HMH_iOS/HMH_iOS.entitlements;
				CODE_SIGN_IDENTITY = "Apple Development";
				CODE_SIGN_STYLE = Automatic;
				CURRENT_PROJECT_VERSION = 1;
				DEVELOPMENT_TEAM = 65NSM7Z327;
				GENERATE_INFOPLIST_FILE = YES;
				INFOPLIST_FILE = HMH_iOS/Info.plist;
				INFOPLIST_KEY_UIApplicationSupportsIndirectInputEvents = YES;
				INFOPLIST_KEY_UILaunchStoryboardName = LaunchScreen;
				INFOPLIST_KEY_UISupportedInterfaceOrientations_iPad = "UIInterfaceOrientationPortrait UIInterfaceOrientationPortraitUpsideDown UIInterfaceOrientationLandscapeLeft UIInterfaceOrientationLandscapeRight";
				INFOPLIST_KEY_UISupportedInterfaceOrientations_iPhone = "UIInterfaceOrientationPortrait UIInterfaceOrientationLandscapeLeft UIInterfaceOrientationLandscapeRight";
				LD_RUNPATH_SEARCH_PATHS = (
					"$(inherited)",
					"@executable_path/Frameworks",
				);
				MARKETING_VERSION = 1.0;
				PRODUCT_BUNDLE_IDENTIFIER = "HMH-iOS.HMH-iOS";
				PRODUCT_NAME = "$(TARGET_NAME)";
				PROVISIONING_PROFILE_SPECIFIER = "";
				SWIFT_EMIT_LOC_STRINGS = YES;
				SWIFT_VERSION = 5.0;
				TARGETED_DEVICE_FAMILY = "1,2";
			};
			name = Debug;
		};
		0B50F9DD2B369815000C5046 /* Release */ = {
			isa = XCBuildConfiguration;
			buildSettings = {
				ALWAYS_EMBED_SWIFT_STANDARD_LIBRARIES = YES;
				ARCHS = "$(ARCHS_STANDARD)";
				ASSETCATALOG_COMPILER_APPICON_NAME = AppIcon;
				ASSETCATALOG_COMPILER_GLOBAL_ACCENT_COLOR_NAME = AccentColor;
				CODE_SIGN_ENTITLEMENTS = HMH_iOS/HMH_iOS.entitlements;
				CODE_SIGN_IDENTITY = "Apple Development";
				CODE_SIGN_STYLE = Automatic;
				CURRENT_PROJECT_VERSION = 1;
				DEVELOPMENT_TEAM = 65NSM7Z327;
				GENERATE_INFOPLIST_FILE = YES;
				INFOPLIST_FILE = HMH_iOS/Info.plist;
				INFOPLIST_KEY_UIApplicationSupportsIndirectInputEvents = YES;
				INFOPLIST_KEY_UILaunchStoryboardName = LaunchScreen;
				INFOPLIST_KEY_UISupportedInterfaceOrientations_iPad = "UIInterfaceOrientationPortrait UIInterfaceOrientationPortraitUpsideDown UIInterfaceOrientationLandscapeLeft UIInterfaceOrientationLandscapeRight";
				INFOPLIST_KEY_UISupportedInterfaceOrientations_iPhone = "UIInterfaceOrientationPortrait UIInterfaceOrientationLandscapeLeft UIInterfaceOrientationLandscapeRight";
				LD_RUNPATH_SEARCH_PATHS = (
					"$(inherited)",
					"@executable_path/Frameworks",
				);
				MARKETING_VERSION = 1.0;
				PRODUCT_BUNDLE_IDENTIFIER = "HMH-iOS.HMH-iOS";
				PRODUCT_NAME = "$(TARGET_NAME)";
				PROVISIONING_PROFILE_SPECIFIER = "";
				SWIFT_EMIT_LOC_STRINGS = YES;
				SWIFT_VERSION = 5.0;
				TARGETED_DEVICE_FAMILY = "1,2";
			};
			name = Release;
		};
		3666C85F2B45F47600564874 /* Debug */ = {
			isa = XCBuildConfiguration;
			buildSettings = {
				ARCHS = "$(ARCHS_STANDARD)";
				CODE_SIGN_ENTITLEMENTS = DeviceMonitor/DeviceMonitor.entitlements;
				CODE_SIGN_IDENTITY = "Apple Development";
				CODE_SIGN_STYLE = Automatic;
				CURRENT_PROJECT_VERSION = 1;
				DEVELOPMENT_TEAM = 65NSM7Z327;
				GENERATE_INFOPLIST_FILE = YES;
				INFOPLIST_FILE = DeviceMonitor/Info.plist;
				INFOPLIST_KEY_CFBundleDisplayName = DeviceMonitor;
				INFOPLIST_KEY_NSHumanReadableCopyright = "";
				IPHONEOS_DEPLOYMENT_TARGET = 17.2;
				LD_RUNPATH_SEARCH_PATHS = (
					"$(inherited)",
					"@executable_path/Frameworks",
					"@executable_path/../../Frameworks",
				);
				MARKETING_VERSION = 1.0;
				PRODUCT_BUNDLE_IDENTIFIER = "HMH-iOS.HMH-iOS.DeviceMonitor";
				PRODUCT_NAME = "$(TARGET_NAME)";
				SKIP_INSTALL = YES;
				SWIFT_EMIT_LOC_STRINGS = YES;
				SWIFT_VERSION = 5.0;
				TARGETED_DEVICE_FAMILY = "1,2";
			};
			name = Debug;
		};
		3666C8602B45F47600564874 /* Release */ = {
			isa = XCBuildConfiguration;
			buildSettings = {
				ARCHS = "$(ARCHS_STANDARD)";
				CODE_SIGN_ENTITLEMENTS = DeviceMonitor/DeviceMonitor.entitlements;
				CODE_SIGN_IDENTITY = "Apple Development";
				CODE_SIGN_STYLE = Automatic;
				CURRENT_PROJECT_VERSION = 1;
				DEVELOPMENT_TEAM = 65NSM7Z327;
				GENERATE_INFOPLIST_FILE = YES;
				INFOPLIST_FILE = DeviceMonitor/Info.plist;
				INFOPLIST_KEY_CFBundleDisplayName = DeviceMonitor;
				INFOPLIST_KEY_NSHumanReadableCopyright = "";
				IPHONEOS_DEPLOYMENT_TARGET = 17.2;
				LD_RUNPATH_SEARCH_PATHS = (
					"$(inherited)",
					"@executable_path/Frameworks",
					"@executable_path/../../Frameworks",
				);
				MARKETING_VERSION = 1.0;
				PRODUCT_BUNDLE_IDENTIFIER = "HMH-iOS.HMH-iOS.DeviceMonitor";
				PRODUCT_NAME = "$(TARGET_NAME)";
				SKIP_INSTALL = YES;
				SWIFT_EMIT_LOC_STRINGS = YES;
				SWIFT_VERSION = 5.0;
				TARGETED_DEVICE_FAMILY = "1,2";
			};
			name = Release;
		};
		3666C8742B45F4B200564874 /* Debug */ = {
			isa = XCBuildConfiguration;
			buildSettings = {
				ARCHS = "$(ARCHS_STANDARD)";
				CODE_SIGN_ENTITLEMENTS = DeviceReport/DeviceReport.entitlements;
				CODE_SIGN_IDENTITY = "Apple Development";
				CODE_SIGN_STYLE = Automatic;
				CURRENT_PROJECT_VERSION = 1;
				DEVELOPMENT_TEAM = 65NSM7Z327;
				GENERATE_INFOPLIST_FILE = YES;
				INFOPLIST_FILE = DeviceReport/Info.plist;
				INFOPLIST_KEY_CFBundleDisplayName = DeviceReport;
				INFOPLIST_KEY_NSHumanReadableCopyright = "";
				IPHONEOS_DEPLOYMENT_TARGET = 17.2;
				LD_RUNPATH_SEARCH_PATHS = (
					"$(inherited)",
					"@executable_path/Frameworks",
					"@executable_path/../../Frameworks",
				);
				MARKETING_VERSION = 1.0;
				PRODUCT_BUNDLE_IDENTIFIER = "HMH-iOS.HMH-iOS.DeviceReport";
				PRODUCT_NAME = "$(TARGET_NAME)";
				SKIP_INSTALL = YES;
				SWIFT_EMIT_LOC_STRINGS = YES;
				SWIFT_VERSION = 5.0;
				TARGETED_DEVICE_FAMILY = "1,2";
			};
			name = Debug;
		};
		3666C8752B45F4B200564874 /* Release */ = {
			isa = XCBuildConfiguration;
			buildSettings = {
				ARCHS = "$(ARCHS_STANDARD)";
				CODE_SIGN_ENTITLEMENTS = DeviceReport/DeviceReport.entitlements;
				CODE_SIGN_IDENTITY = "Apple Development";
				CODE_SIGN_STYLE = Automatic;
				CURRENT_PROJECT_VERSION = 1;
				DEVELOPMENT_TEAM = 65NSM7Z327;
				GENERATE_INFOPLIST_FILE = YES;
				INFOPLIST_FILE = DeviceReport/Info.plist;
				INFOPLIST_KEY_CFBundleDisplayName = DeviceReport;
				INFOPLIST_KEY_NSHumanReadableCopyright = "";
				IPHONEOS_DEPLOYMENT_TARGET = 17.2;
				LD_RUNPATH_SEARCH_PATHS = (
					"$(inherited)",
					"@executable_path/Frameworks",
					"@executable_path/../../Frameworks",
				);
				MARKETING_VERSION = 1.0;
				PRODUCT_BUNDLE_IDENTIFIER = "HMH-iOS.HMH-iOS.DeviceReport";
				PRODUCT_NAME = "$(TARGET_NAME)";
				SKIP_INSTALL = YES;
				SWIFT_EMIT_LOC_STRINGS = YES;
				SWIFT_VERSION = 5.0;
				TARGETED_DEVICE_FAMILY = "1,2";
			};
			name = Release;
		};
		36E531B12B4C789300B4BBE3 /* Debug */ = {
			isa = XCBuildConfiguration;
			buildSettings = {
				ARCHS = "$(ARCHS_STANDARD)";
				CODE_SIGN_ENTITLEMENTS = ShiledAction/ShiledAction.entitlements;
				CODE_SIGN_IDENTITY = "Apple Development";
				CODE_SIGN_STYLE = Automatic;
				CURRENT_PROJECT_VERSION = 1;
				DEVELOPMENT_TEAM = 65NSM7Z327;
				GENERATE_INFOPLIST_FILE = YES;
				INFOPLIST_FILE = ShiledAction/Info.plist;
				INFOPLIST_KEY_CFBundleDisplayName = ShiledAction;
				INFOPLIST_KEY_NSHumanReadableCopyright = "";
				IPHONEOS_DEPLOYMENT_TARGET = 17.2;
				LD_RUNPATH_SEARCH_PATHS = (
					"$(inherited)",
					"@executable_path/Frameworks",
					"@executable_path/../../Frameworks",
				);
				MARKETING_VERSION = 1.0;
				PRODUCT_BUNDLE_IDENTIFIER = "HMH-iOS.HMH-iOS.ShiledAction";
				PRODUCT_NAME = "$(TARGET_NAME)";
				SKIP_INSTALL = YES;
				SWIFT_EMIT_LOC_STRINGS = YES;
				SWIFT_VERSION = 5.0;
				TARGETED_DEVICE_FAMILY = "1,2";
			};
			name = Debug;
		};
		36E531B22B4C789300B4BBE3 /* Release */ = {
			isa = XCBuildConfiguration;
			buildSettings = {
				ARCHS = "$(ARCHS_STANDARD)";
				CODE_SIGN_ENTITLEMENTS = ShiledAction/ShiledAction.entitlements;
				CODE_SIGN_IDENTITY = "Apple Development";
				CODE_SIGN_STYLE = Automatic;
				CURRENT_PROJECT_VERSION = 1;
				DEVELOPMENT_TEAM = 65NSM7Z327;
				GENERATE_INFOPLIST_FILE = YES;
				INFOPLIST_FILE = ShiledAction/Info.plist;
				INFOPLIST_KEY_CFBundleDisplayName = ShiledAction;
				INFOPLIST_KEY_NSHumanReadableCopyright = "";
				IPHONEOS_DEPLOYMENT_TARGET = 17.2;
				LD_RUNPATH_SEARCH_PATHS = (
					"$(inherited)",
					"@executable_path/Frameworks",
					"@executable_path/../../Frameworks",
				);
				MARKETING_VERSION = 1.0;
				PRODUCT_BUNDLE_IDENTIFIER = "HMH-iOS.HMH-iOS.ShiledAction";
				PRODUCT_NAME = "$(TARGET_NAME)";
				SKIP_INSTALL = YES;
				SWIFT_EMIT_LOC_STRINGS = YES;
				SWIFT_VERSION = 5.0;
				TARGETED_DEVICE_FAMILY = "1,2";
			};
			name = Release;
		};
		36E531C52B4C78A900B4BBE3 /* Debug */ = {
			isa = XCBuildConfiguration;
			buildSettings = {
				ARCHS = "$(ARCHS_STANDARD)";
				CODE_SIGN_ENTITLEMENTS = ShiledConfig/ShiledConfig.entitlements;
				CODE_SIGN_IDENTITY = "Apple Development";
				CODE_SIGN_STYLE = Automatic;
				CURRENT_PROJECT_VERSION = 1;
				DEVELOPMENT_TEAM = 65NSM7Z327;
				GENERATE_INFOPLIST_FILE = YES;
				INFOPLIST_FILE = ShiledConfig/Info.plist;
				INFOPLIST_KEY_CFBundleDisplayName = ShiledConfig;
				INFOPLIST_KEY_NSHumanReadableCopyright = "";
				IPHONEOS_DEPLOYMENT_TARGET = 17.2;
				LD_RUNPATH_SEARCH_PATHS = (
					"$(inherited)",
					"@executable_path/Frameworks",
					"@executable_path/../../Frameworks",
				);
				MARKETING_VERSION = 1.0;
				PRODUCT_BUNDLE_IDENTIFIER = "HMH-iOS.HMH-iOS.ShiledConfig";
				PRODUCT_NAME = "$(TARGET_NAME)";
				SKIP_INSTALL = YES;
				SWIFT_EMIT_LOC_STRINGS = YES;
				SWIFT_VERSION = 5.0;
				TARGETED_DEVICE_FAMILY = "1,2";
			};
			name = Debug;
		};
		36E531C62B4C78A900B4BBE3 /* Release */ = {
			isa = XCBuildConfiguration;
			buildSettings = {
				ARCHS = "$(ARCHS_STANDARD)";
				CODE_SIGN_ENTITLEMENTS = ShiledConfig/ShiledConfig.entitlements;
				CODE_SIGN_IDENTITY = "Apple Development";
				CODE_SIGN_STYLE = Automatic;
				CURRENT_PROJECT_VERSION = 1;
				DEVELOPMENT_TEAM = 65NSM7Z327;
				GENERATE_INFOPLIST_FILE = YES;
				INFOPLIST_FILE = ShiledConfig/Info.plist;
				INFOPLIST_KEY_CFBundleDisplayName = ShiledConfig;
				INFOPLIST_KEY_NSHumanReadableCopyright = "";
				IPHONEOS_DEPLOYMENT_TARGET = 17.2;
				LD_RUNPATH_SEARCH_PATHS = (
					"$(inherited)",
					"@executable_path/Frameworks",
					"@executable_path/../../Frameworks",
				);
				MARKETING_VERSION = 1.0;
				PRODUCT_BUNDLE_IDENTIFIER = "HMH-iOS.HMH-iOS.ShiledConfig";
				PRODUCT_NAME = "$(TARGET_NAME)";
				SKIP_INSTALL = YES;
				SWIFT_EMIT_LOC_STRINGS = YES;
				SWIFT_VERSION = 5.0;
				TARGETED_DEVICE_FAMILY = "1,2";
			};
			name = Release;
		};
/* End XCBuildConfiguration section */

/* Begin XCConfigurationList section */
		0B50F9C22B369813000C5046 /* Build configuration list for PBXProject "HMH_iOS" */ = {
			isa = XCConfigurationList;
			buildConfigurations = (
				0B50F9D92B369815000C5046 /* Debug */,
				0B50F9DA2B369815000C5046 /* Release */,
			);
			defaultConfigurationIsVisible = 0;
			defaultConfigurationName = Release;
		};
		0B50F9DB2B369815000C5046 /* Build configuration list for PBXNativeTarget "HMH_iOS" */ = {
			isa = XCConfigurationList;
			buildConfigurations = (
				0B50F9DC2B369815000C5046 /* Debug */,
				0B50F9DD2B369815000C5046 /* Release */,
			);
			defaultConfigurationIsVisible = 0;
			defaultConfigurationName = Release;
		};
		3666C85E2B45F47600564874 /* Build configuration list for PBXNativeTarget "DeviceMonitor" */ = {
			isa = XCConfigurationList;
			buildConfigurations = (
				3666C85F2B45F47600564874 /* Debug */,
				3666C8602B45F47600564874 /* Release */,
			);
			defaultConfigurationIsVisible = 0;
			defaultConfigurationName = Release;
		};
		3666C8732B45F4B200564874 /* Build configuration list for PBXNativeTarget "DeviceReport" */ = {
			isa = XCConfigurationList;
			buildConfigurations = (
				3666C8742B45F4B200564874 /* Debug */,
				3666C8752B45F4B200564874 /* Release */,
			);
			defaultConfigurationIsVisible = 0;
			defaultConfigurationName = Release;
		};
		36E531B32B4C789300B4BBE3 /* Build configuration list for PBXNativeTarget "ShiledAction" */ = {
			isa = XCConfigurationList;
			buildConfigurations = (
				36E531B12B4C789300B4BBE3 /* Debug */,
				36E531B22B4C789300B4BBE3 /* Release */,
			);
			defaultConfigurationIsVisible = 0;
			defaultConfigurationName = Release;
		};
		36E531C42B4C78A900B4BBE3 /* Build configuration list for PBXNativeTarget "ShiledConfig" */ = {
			isa = XCConfigurationList;
			buildConfigurations = (
				36E531C52B4C78A900B4BBE3 /* Debug */,
				36E531C62B4C78A900B4BBE3 /* Release */,
			);
			defaultConfigurationIsVisible = 0;
			defaultConfigurationName = Release;
		};
/* End XCConfigurationList section */

/* Begin XCRemoteSwiftPackageReference section */
		36A3D8922B3AB57B007EA272 /* XCRemoteSwiftPackageReference "SnapKit" */ = {
			isa = XCRemoteSwiftPackageReference;
			repositoryURL = "https://github.com/SnapKit/SnapKit.git";
			requirement = {
				kind = upToNextMajorVersion;
				minimumVersion = 5.6.0;
			};
		};
		36A3D8972B3AB58A007EA272 /* XCRemoteSwiftPackageReference "Then" */ = {
			isa = XCRemoteSwiftPackageReference;
			repositoryURL = "https://github.com/devxoul/Then.git";
			requirement = {
				kind = upToNextMajorVersion;
				minimumVersion = 3.0.0;
			};
		};
		36A3D89A2B3AB5A1007EA272 /* XCRemoteSwiftPackageReference "kakao-ios-sdk" */ = {
			isa = XCRemoteSwiftPackageReference;
			repositoryURL = "https://github.com/kakao/kakao-ios-sdk";
			requirement = {
				kind = upToNextMajorVersion;
				minimumVersion = 2.20.0;
			};
		};
/* End XCRemoteSwiftPackageReference section */

/* Begin XCSwiftPackageProductDependency section */
		36A3D8932B3AB57B007EA272 /* SnapKit */ = {
			isa = XCSwiftPackageProductDependency;
			package = 36A3D8922B3AB57B007EA272 /* XCRemoteSwiftPackageReference "SnapKit" */;
			productName = SnapKit;
		};
		36A3D8982B3AB58A007EA272 /* Then */ = {
			isa = XCSwiftPackageProductDependency;
			package = 36A3D8972B3AB58A007EA272 /* XCRemoteSwiftPackageReference "Then" */;
			productName = Then;
		};
		36A3D89B2B3AB5A1007EA272 /* KakaoSDK */ = {
			isa = XCSwiftPackageProductDependency;
			package = 36A3D89A2B3AB5A1007EA272 /* XCRemoteSwiftPackageReference "kakao-ios-sdk" */;
			productName = KakaoSDK;
		};
		36A3D89D2B3AB5A1007EA272 /* KakaoSDKAuth */ = {
			isa = XCSwiftPackageProductDependency;
			package = 36A3D89A2B3AB5A1007EA272 /* XCRemoteSwiftPackageReference "kakao-ios-sdk" */;
			productName = KakaoSDKAuth;
		};
		36A3D89F2B3AB5A1007EA272 /* KakaoSDKCert */ = {
			isa = XCSwiftPackageProductDependency;
			package = 36A3D89A2B3AB5A1007EA272 /* XCRemoteSwiftPackageReference "kakao-ios-sdk" */;
			productName = KakaoSDKCert;
		};
		36A3D8A12B3AB5A1007EA272 /* KakaoSDKCertCore */ = {
			isa = XCSwiftPackageProductDependency;
			package = 36A3D89A2B3AB5A1007EA272 /* XCRemoteSwiftPackageReference "kakao-ios-sdk" */;
			productName = KakaoSDKCertCore;
		};
		36A3D8A32B3AB5A1007EA272 /* KakaoSDKCommon */ = {
			isa = XCSwiftPackageProductDependency;
			package = 36A3D89A2B3AB5A1007EA272 /* XCRemoteSwiftPackageReference "kakao-ios-sdk" */;
			productName = KakaoSDKCommon;
		};
		36A3D8A52B3AB5A1007EA272 /* KakaoSDKFriend */ = {
			isa = XCSwiftPackageProductDependency;
			package = 36A3D89A2B3AB5A1007EA272 /* XCRemoteSwiftPackageReference "kakao-ios-sdk" */;
			productName = KakaoSDKFriend;
		};
		36A3D8A72B3AB5A1007EA272 /* KakaoSDKFriendCore */ = {
			isa = XCSwiftPackageProductDependency;
			package = 36A3D89A2B3AB5A1007EA272 /* XCRemoteSwiftPackageReference "kakao-ios-sdk" */;
			productName = KakaoSDKFriendCore;
		};
		36A3D8A92B3AB5A1007EA272 /* KakaoSDKNavi */ = {
			isa = XCSwiftPackageProductDependency;
			package = 36A3D89A2B3AB5A1007EA272 /* XCRemoteSwiftPackageReference "kakao-ios-sdk" */;
			productName = KakaoSDKNavi;
		};
		36A3D8AB2B3AB5A1007EA272 /* KakaoSDKShare */ = {
			isa = XCSwiftPackageProductDependency;
			package = 36A3D89A2B3AB5A1007EA272 /* XCRemoteSwiftPackageReference "kakao-ios-sdk" */;
			productName = KakaoSDKShare;
		};
		36A3D8AD2B3AB5A1007EA272 /* KakaoSDKTalk */ = {
			isa = XCSwiftPackageProductDependency;
			package = 36A3D89A2B3AB5A1007EA272 /* XCRemoteSwiftPackageReference "kakao-ios-sdk" */;
			productName = KakaoSDKTalk;
		};
		36A3D8AF2B3AB5A1007EA272 /* KakaoSDKTemplate */ = {
			isa = XCSwiftPackageProductDependency;
			package = 36A3D89A2B3AB5A1007EA272 /* XCRemoteSwiftPackageReference "kakao-ios-sdk" */;
			productName = KakaoSDKTemplate;
		};
		36A3D8B12B3AB5A1007EA272 /* KakaoSDKUser */ = {
			isa = XCSwiftPackageProductDependency;
			package = 36A3D89A2B3AB5A1007EA272 /* XCRemoteSwiftPackageReference "kakao-ios-sdk" */;
			productName = KakaoSDKUser;
		};
/* End XCSwiftPackageProductDependency section */
	};
	rootObject = 0B50F9BF2B369813000C5046 /* Project object */;
}
